{
  "version": 4,
  "terraform_version": "0.14.3",
  "serial": 1,
  "lineage": "1d1ce277-2fe6-53ad-85b3-d76300f44efa",
  "outputs": {
    "show-ads": {
      "value": [
        {
          "compartment_id": "ocid1.tenancy.oc1..aaaaaaaahww27qgv44s5ibdur2pdshfheobg7je6rsawkqwr3wrilff7mn4q",
          "id": "ocid1.availabilitydomain.oc1..aaaaaaaauvt2n7pijol7uqgdnnsoojcukrijtmcltvfwxazmitk235wyohta",
          "name": "RGWs:US-ASHBURN-AD-1"
        },
        {
          "compartment_id": "ocid1.tenancy.oc1..aaaaaaaahww27qgv44s5ibdur2pdshfheobg7je6rsawkqwr3wrilff7mn4q",
          "id": "ocid1.availabilitydomain.oc1..aaaaaaaatrwxaogr7dl4yschqtrmqrdv6uzis3mgbnomiagqrfhcb7mxsfdq",
          "name": "RGWs:US-ASHBURN-AD-2"
        },
        {
          "compartment_id": "ocid1.tenancy.oc1..aaaaaaaahww27qgv44s5ibdur2pdshfheobg7je6rsawkqwr3wrilff7mn4q",
          "id": "ocid1.availabilitydomain.oc1..aaaaaaaaztunlny6ae4yw2vghp5go2zceaonwp6wiioe3tnh2vlaxjjl2n3a",
          "name": "RGWs:US-ASHBURN-AD-3"
        }
      ],
      "type": [
        "list",
        [
          "object",
          {
            "compartment_id": "string",
            "id": "string",
            "name": "string"
          }
        ]
      ]
    }
  },
  "resources": [
    {
      "mode": "data",
      "type": "oci_identity_availability_domains",
      "name": "ads",
      "provider": "provider[\"registry.terraform.io/hashicorp/oci\"]",
      "instances": [
        {
          "schema_version": 0,
          "attributes": {
            "availability_domains": [
              {
                "compartment_id": "ocid1.tenancy.oc1..aaaaaaaahww27qgv44s5ibdur2pdshfheobg7je6rsawkqwr3wrilff7mn4q",
                "id": "ocid1.availabilitydomain.oc1..aaaaaaaauvt2n7pijol7uqgdnnsoojcukrijtmcltvfwxazmitk235wyohta",
                "name": "RGWs:US-ASHBURN-AD-1"
              },
              {
                "compartment_id": "ocid1.tenancy.oc1..aaaaaaaahww27qgv44s5ibdur2pdshfheobg7je6rsawkqwr3wrilff7mn4q",
                "id": "ocid1.availabilitydomain.oc1..aaaaaaaatrwxaogr7dl4yschqtrmqrdv6uzis3mgbnomiagqrfhcb7mxsfdq",
                "name": "RGWs:US-ASHBURN-AD-2"
              },
              {
                "compartment_id": "ocid1.tenancy.oc1..aaaaaaaahww27qgv44s5ibdur2pdshfheobg7je6rsawkqwr3wrilff7mn4q",
                "id": "ocid1.availabilitydomain.oc1..aaaaaaaaztunlny6ae4yw2vghp5go2zceaonwp6wiioe3tnh2vlaxjjl2n3a",
                "name": "RGWs:US-ASHBURN-AD-3"
              }
            ],
            "compartment_id": "ocid1.tenancy.oc1..aaaaaaaahww27qgv44s5ibdur2pdshfheobg7je6rsawkqwr3wrilff7mn4q",
            "filter": null,
            "id": "IdentityAvailabilityDomainsDataSource-4193734413"
          },
          "sensitive_attributes": []
        }
      ]
    },
    {
      "mode": "managed",
      "type": "oci_core_vcn",
      "name": "test_vcn",
      "provider": "provider[\"registry.terraform.io/hashicorp/oci\"]",
      "instances": [
        {
          "schema_version": 0,
          "attributes": {
            "cidr_block": "10.1.0.0/16",
            "cidr_blocks": [
              "10.1.0.0/16"
            ],
            "compartment_id": "ocid1.tenancy.oc1..aaaaaaaahww27qgv44s5ibdur2pdshfheobg7je6rsawkqwr3wrilff7mn4q",
            "default_dhcp_options_id": "ocid1.dhcpoptions.oc1.iad.aaaaaaaawhp2gljixn5z3cuzlneerl3dv5s4eoqfiwwlf74nh2r6qi6ha7ua",
            "default_route_table_id": "ocid1.routetable.oc1.iad.aaaaaaaavbs2jbc6gb7pcgk3rbiy2qmthqptsdi4kw2zw42ddwkdmuzageva",
            "default_security_list_id": "ocid1.securitylist.oc1.iad.aaaaaaaam6cp2kk4a2nnjq62tkcdtlzw6xinimzp4estbpsegqyfqf6dupxa",
            "defined_tags": {
              "Oracle-Tags.CreatedBy": "luisopazo@gmail.com",
              "Oracle-Tags.CreatedOn": "2020-12-20T20:58:11.370Z"
            },
            "display_name": "vcn20201220205811",
            "dns_label": null,
            "freeform_tags": {},
            "id": "ocid1.vcn.oc1.iad.amaaaaaafnixjbyatpy7wdgpcaqdn2ewkq63aqkeqiwdirafy3xvsgenomya",
            "ipv6cidr_block": null,
            "ipv6public_cidr_block": null,
            "is_ipv6enabled": null,
            "state": "AVAILABLE",
            "time_created": "2020-12-20 20:58:11.373 +0000 UTC",
            "timeouts": null,
            "vcn_domain_name": null
          },
          "sensitive_attributes": [],
          "private": "eyJlMmJmYjczMC1lY2FhLTExZTYtOGY4OC0zNDM2M2JjN2M0YzAiOnsiY3JlYXRlIjoxMjAwMDAwMDAwMDAwLCJkZWxldGUiOjEyMDAwMDAwMDAwMDAsInVwZGF0ZSI6MTIwMDAwMDAwMDAwMH19"
        }
      ]
    }
  ]
}
