{
  "version": 4,
  "terraform_version": "0.14.3",
  "serial": 54,
  "lineage": "1d1ce277-2fe6-53ad-85b3-d76300f44efa",
  "outputs": {
    "show-ads": {
      "value": [
        {
          "compartment_id": "ocid1.tenancy.oc1..aaaaaaaahww27qgv44s5ibdur2pdshfheobg7je6rsawkqwr3wrilff7mn4q",
          "id": "ocid1.availabilitydomain.oc1..aaaaaaaauvt2n7pijol7uqgdnnsoojcukrijtmcltvfwxazmitk235wyohta",
          "name": "RGWs:US-ASHBURN-AD-1"
        },
        {
          "compartment_id": "ocid1.tenancy.oc1..aaaaaaaahww27qgv44s5ibdur2pdshfheobg7je6rsawkqwr3wrilff7mn4q",
          "id": "ocid1.availabilitydomain.oc1..aaaaaaaatrwxaogr7dl4yschqtrmqrdv6uzis3mgbnomiagqrfhcb7mxsfdq",
          "name": "RGWs:US-ASHBURN-AD-2"
        },
        {
          "compartment_id": "ocid1.tenancy.oc1..aaaaaaaahww27qgv44s5ibdur2pdshfheobg7je6rsawkqwr3wrilff7mn4q",
          "id": "ocid1.availabilitydomain.oc1..aaaaaaaaztunlny6ae4yw2vghp5go2zceaonwp6wiioe3tnh2vlaxjjl2n3a",
          "name": "RGWs:US-ASHBURN-AD-3"
        }
      ],
      "type": [
        "list",
        [
          "object",
          {
            "compartment_id": "string",
            "id": "string",
            "name": "string"
          }
        ]
      ]
    }
  },
  "resources": [
    {
      "mode": "data",
      "type": "oci_identity_availability_domain",
      "name": "ad",
      "provider": "provider[\"registry.terraform.io/hashicorp/oci\"]",
      "instances": [
        {
          "schema_version": 0,
          "attributes": {
            "ad_number": 1,
            "compartment_id": "ocid1.tenancy.oc1..aaaaaaaahww27qgv44s5ibdur2pdshfheobg7je6rsawkqwr3wrilff7mn4q",
            "id": "ocid1.availabilitydomain.oc1..aaaaaaaauvt2n7pijol7uqgdnnsoojcukrijtmcltvfwxazmitk235wyohta",
            "name": "RGWs:US-ASHBURN-AD-1"
          },
          "sensitive_attributes": []
        }
      ]
    },
    {
      "mode": "data",
      "type": "oci_identity_availability_domains",
      "name": "ads",
      "provider": "provider[\"registry.terraform.io/hashicorp/oci\"]",
      "instances": [
        {
          "schema_version": 0,
          "attributes": {
            "availability_domains": [
              {
                "compartment_id": "ocid1.tenancy.oc1..aaaaaaaahww27qgv44s5ibdur2pdshfheobg7je6rsawkqwr3wrilff7mn4q",
                "id": "ocid1.availabilitydomain.oc1..aaaaaaaauvt2n7pijol7uqgdnnsoojcukrijtmcltvfwxazmitk235wyohta",
                "name": "RGWs:US-ASHBURN-AD-1"
              },
              {
                "compartment_id": "ocid1.tenancy.oc1..aaaaaaaahww27qgv44s5ibdur2pdshfheobg7je6rsawkqwr3wrilff7mn4q",
                "id": "ocid1.availabilitydomain.oc1..aaaaaaaatrwxaogr7dl4yschqtrmqrdv6uzis3mgbnomiagqrfhcb7mxsfdq",
                "name": "RGWs:US-ASHBURN-AD-2"
              },
              {
                "compartment_id": "ocid1.tenancy.oc1..aaaaaaaahww27qgv44s5ibdur2pdshfheobg7je6rsawkqwr3wrilff7mn4q",
                "id": "ocid1.availabilitydomain.oc1..aaaaaaaaztunlny6ae4yw2vghp5go2zceaonwp6wiioe3tnh2vlaxjjl2n3a",
                "name": "RGWs:US-ASHBURN-AD-3"
              }
            ],
            "compartment_id": "ocid1.tenancy.oc1..aaaaaaaahww27qgv44s5ibdur2pdshfheobg7je6rsawkqwr3wrilff7mn4q",
            "filter": null,
            "id": "IdentityAvailabilityDomainsDataSource-4193734413"
          },
          "sensitive_attributes": []
        }
      ]
    },
    {
      "mode": "managed",
      "type": "oci_core_internet_gateway",
      "name": "test_internet_gateway",
      "provider": "provider[\"registry.terraform.io/hashicorp/oci\"]",
      "instances": [
        {
          "schema_version": 0,
          "attributes": {
            "compartment_id": "ocid1.tenancy.oc1..aaaaaaaahww27qgv44s5ibdur2pdshfheobg7je6rsawkqwr3wrilff7mn4q",
            "defined_tags": {
              "Oracle-Tags.CreatedBy": "luisopazo@gmail.com",
              "Oracle-Tags.CreatedOn": "2020-12-24T13:54:14.495Z"
            },
            "display_name": "internet-gw",
            "enabled": true,
            "freeform_tags": {},
            "id": "ocid1.internetgateway.oc1.iad.aaaaaaaakwq6bib3jwyejw6nhqvomh333hrhj76nuilfcj4dm4svwk3wqyaq",
            "state": "AVAILABLE",
            "time_created": "2020-12-24 13:54:14.526 +0000 UTC",
            "timeouts": null,
            "vcn_id": "ocid1.vcn.oc1.iad.amaaaaaafnixjbyayn3layzzr76n546ktqiwxda64kmaneuz33ap2vxllnvq"
          },
          "sensitive_attributes": [],
          "private": "eyJlMmJmYjczMC1lY2FhLTExZTYtOGY4OC0zNDM2M2JjN2M0YzAiOnsiY3JlYXRlIjoxMjAwMDAwMDAwMDAwLCJkZWxldGUiOjEyMDAwMDAwMDAwMDAsInVwZGF0ZSI6MTIwMDAwMDAwMDAwMH19",
          "dependencies": [
            "oci_core_vcn.test_vcn"
          ]
        }
      ]
    },
    {
      "mode": "managed",
      "type": "oci_core_route_table",
      "name": "public_subnet_route_table",
      "provider": "provider[\"registry.terraform.io/hashicorp/oci\"]",
      "instances": [
        {
          "schema_version": 0,
          "attributes": {
            "compartment_id": "ocid1.tenancy.oc1..aaaaaaaahww27qgv44s5ibdur2pdshfheobg7je6rsawkqwr3wrilff7mn4q",
            "defined_tags": {
              "Oracle-Tags.CreatedBy": "luisopazo@gmail.com",
              "Oracle-Tags.CreatedOn": "2020-12-24T13:54:15.501Z"
            },
            "display_name": "routetable20201224135415",
            "freeform_tags": {},
            "id": "ocid1.routetable.oc1.iad.aaaaaaaa4x2wkfh6mcofddlphwxfk7pt3whwxwc3kqcm5br2jz74j4a23v6q",
            "route_rules": [
              {
                "cidr_block": "",
                "description": "internet-gw",
                "destination": "0.0.0.0/0",
                "destination_type": "CIDR_BLOCK",
                "network_entity_id": "ocid1.internetgateway.oc1.iad.aaaaaaaakwq6bib3jwyejw6nhqvomh333hrhj76nuilfcj4dm4svwk3wqyaq"
              }
            ],
            "state": "AVAILABLE",
            "time_created": "2020-12-24 13:54:15.521 +0000 UTC",
            "timeouts": null,
            "vcn_id": "ocid1.vcn.oc1.iad.amaaaaaafnixjbyayn3layzzr76n546ktqiwxda64kmaneuz33ap2vxllnvq"
          },
          "sensitive_attributes": [],
          "private": "eyJlMmJmYjczMC1lY2FhLTExZTYtOGY4OC0zNDM2M2JjN2M0YzAiOnsiY3JlYXRlIjoxMjAwMDAwMDAwMDAwLCJkZWxldGUiOjEyMDAwMDAwMDAwMDAsInVwZGF0ZSI6MTIwMDAwMDAwMDAwMH19",
          "dependencies": [
            "oci_core_internet_gateway.test_internet_gateway",
            "oci_core_vcn.test_vcn"
          ]
        }
      ]
    },
    {
      "mode": "managed",
      "type": "oci_core_subnet",
      "name": "private-subnet-rdg",
      "provider": "provider[\"registry.terraform.io/hashicorp/oci\"]",
      "instances": [
        {
          "schema_version": 0,
          "attributes": {
            "availability_domain": "RGWs:US-ASHBURN-AD-1",
            "cidr_block": "10.1.0.0/24",
            "compartment_id": "ocid1.tenancy.oc1..aaaaaaaahww27qgv44s5ibdur2pdshfheobg7je6rsawkqwr3wrilff7mn4q",
            "defined_tags": {
              "Oracle-Tags.CreatedBy": "luisopazo@gmail.com",
              "Oracle-Tags.CreatedOn": "2020-12-24T13:54:14.875Z"
            },
            "dhcp_options_id": "ocid1.dhcpoptions.oc1.iad.aaaaaaaa7x3x3qqhu76jv6xdncshycnphhhzd56zgckznbuskrejvs7d3rtq",
            "display_name": "private-subnet-rdg",
            "dns_label": null,
            "freeform_tags": {},
            "id": "ocid1.subnet.oc1.iad.aaaaaaaaoe6pb7brehigp3hwnoaxsszb6g5omnicek3l576yyfu6proxggdq",
            "ipv6cidr_block": null,
            "ipv6public_cidr_block": null,
            "ipv6virtual_router_ip": null,
            "prohibit_public_ip_on_vnic": true,
            "route_table_id": "ocid1.routetable.oc1.iad.aaaaaaaadragfvptug2izguixb73yrwhdrvwca3vmr2ylhu54mly27dk6c6q",
            "security_list_ids": [
              "ocid1.securitylist.oc1.iad.aaaaaaaajgxg75p4tzvy3egcb6rvvqfbpuku746a24dp7frhrsikevi3hwua"
            ],
            "state": "AVAILABLE",
            "subnet_domain_name": null,
            "time_created": "2020-12-24 13:54:14.922 +0000 UTC",
            "timeouts": null,
            "vcn_id": "ocid1.vcn.oc1.iad.amaaaaaafnixjbyayn3layzzr76n546ktqiwxda64kmaneuz33ap2vxllnvq",
            "virtual_router_ip": "10.1.0.1",
            "virtual_router_mac": "00:00:17:FB:F3:9B"
          },
          "sensitive_attributes": [],
          "private": "eyJlMmJmYjczMC1lY2FhLTExZTYtOGY4OC0zNDM2M2JjN2M0YzAiOnsiY3JlYXRlIjoxMjAwMDAwMDAwMDAwLCJkZWxldGUiOjEyMDAwMDAwMDAwMDAsInVwZGF0ZSI6MTIwMDAwMDAwMDAwMH19",
          "dependencies": [
            "data.oci_identity_availability_domain.ad",
            "oci_core_vcn.test_vcn"
          ]
        }
      ]
    },
    {
      "mode": "managed",
      "type": "oci_core_subnet",
      "name": "public-subnet-rdg",
      "provider": "provider[\"registry.terraform.io/hashicorp/oci\"]",
      "instances": [
        {
          "schema_version": 0,
          "attributes": {
            "availability_domain": "RGWs:US-ASHBURN-AD-1",
            "cidr_block": "10.1.1.0/24",
            "compartment_id": "ocid1.tenancy.oc1..aaaaaaaahww27qgv44s5ibdur2pdshfheobg7je6rsawkqwr3wrilff7mn4q",
            "defined_tags": {
              "Oracle-Tags.CreatedBy": "luisopazo@gmail.com",
              "Oracle-Tags.CreatedOn": "2020-12-24T13:54:16.516Z"
            },
            "dhcp_options_id": "ocid1.dhcpoptions.oc1.iad.aaaaaaaa7x3x3qqhu76jv6xdncshycnphhhzd56zgckznbuskrejvs7d3rtq",
            "display_name": "public-subnet-rdg",
            "dns_label": null,
            "freeform_tags": {},
            "id": "ocid1.subnet.oc1.iad.aaaaaaaalnjvnsef77wzlmxigcodprrcvmnzzuygv2e6qrwjizfwk6z6vkfq",
            "ipv6cidr_block": null,
            "ipv6public_cidr_block": null,
            "ipv6virtual_router_ip": null,
            "prohibit_public_ip_on_vnic": false,
            "route_table_id": "ocid1.routetable.oc1.iad.aaaaaaaa4x2wkfh6mcofddlphwxfk7pt3whwxwc3kqcm5br2jz74j4a23v6q",
            "security_list_ids": [
              "ocid1.securitylist.oc1.iad.aaaaaaaajgxg75p4tzvy3egcb6rvvqfbpuku746a24dp7frhrsikevi3hwua"
            ],
            "state": "AVAILABLE",
            "subnet_domain_name": null,
            "time_created": "2020-12-24 13:54:16.561 +0000 UTC",
            "timeouts": null,
            "vcn_id": "ocid1.vcn.oc1.iad.amaaaaaafnixjbyayn3layzzr76n546ktqiwxda64kmaneuz33ap2vxllnvq",
            "virtual_router_ip": "10.1.1.1",
            "virtual_router_mac": "00:00:17:FB:F3:9B"
          },
          "sensitive_attributes": [],
          "private": "eyJlMmJmYjczMC1lY2FhLTExZTYtOGY4OC0zNDM2M2JjN2M0YzAiOnsiY3JlYXRlIjoxMjAwMDAwMDAwMDAwLCJkZWxldGUiOjEyMDAwMDAwMDAwMDAsInVwZGF0ZSI6MTIwMDAwMDAwMDAwMH19",
          "dependencies": [
            "data.oci_identity_availability_domain.ad",
            "oci_core_internet_gateway.test_internet_gateway",
            "oci_core_route_table.public_subnet_route_table",
            "oci_core_vcn.test_vcn"
          ]
        }
      ]
    },
    {
      "mode": "managed",
      "type": "oci_core_vcn",
      "name": "test_vcn",
      "provider": "provider[\"registry.terraform.io/hashicorp/oci\"]",
      "instances": [
        {
          "schema_version": 0,
          "attributes": {
            "cidr_block": "10.1.0.0/16",
            "cidr_blocks": [
              "10.1.0.0/16"
            ],
            "compartment_id": "ocid1.tenancy.oc1..aaaaaaaahww27qgv44s5ibdur2pdshfheobg7je6rsawkqwr3wrilff7mn4q",
            "default_dhcp_options_id": "ocid1.dhcpoptions.oc1.iad.aaaaaaaa7x3x3qqhu76jv6xdncshycnphhhzd56zgckznbuskrejvs7d3rtq",
            "default_route_table_id": "ocid1.routetable.oc1.iad.aaaaaaaadragfvptug2izguixb73yrwhdrvwca3vmr2ylhu54mly27dk6c6q",
            "default_security_list_id": "ocid1.securitylist.oc1.iad.aaaaaaaajgxg75p4tzvy3egcb6rvvqfbpuku746a24dp7frhrsikevi3hwua",
            "defined_tags": {
              "Oracle-Tags.CreatedBy": "luisopazo@gmail.com",
              "Oracle-Tags.CreatedOn": "2020-12-24T13:54:13.632Z"
            },
            "display_name": "vcn-test-rdg",
            "dns_label": null,
            "freeform_tags": {},
            "id": "ocid1.vcn.oc1.iad.amaaaaaafnixjbyayn3layzzr76n546ktqiwxda64kmaneuz33ap2vxllnvq",
            "ipv6cidr_block": null,
            "ipv6public_cidr_block": null,
            "is_ipv6enabled": null,
            "state": "AVAILABLE",
            "time_created": "2020-12-24 13:54:13.634 +0000 UTC",
            "timeouts": null,
            "vcn_domain_name": null
          },
          "sensitive_attributes": [],
          "private": "eyJlMmJmYjczMC1lY2FhLTExZTYtOGY4OC0zNDM2M2JjN2M0YzAiOnsiY3JlYXRlIjoxMjAwMDAwMDAwMDAwLCJkZWxldGUiOjEyMDAwMDAwMDAwMDAsInVwZGF0ZSI6MTIwMDAwMDAwMDAwMH19"
        }
      ]
    }
  ]
}
