{
  "version": 4,
  "terraform_version": "0.14.3",
  "serial": 50,
  "lineage": "003cf552-6dc8-62d9-95dd-c5ed6575c501",
  "outputs": {
    "ads": {
      "value": [
        {
          "compartment_id": "ocid1.tenancy.oc1..aaaaaaaavl2ndgiiefoo2u4a7atlq2czcwyiu5zzb6rzwwpeyt5o2xmtaxwa",
          "id": "ocid1.availabilitydomain.oc1..aaaaaaaaztunlny6ae4yw2vghp5go2zceaonwp6wiioe3tnh2vlaxjjl2n3a",
          "name": "EgzC:US-ASHBURN-AD-1"
        },
        {
          "compartment_id": "ocid1.tenancy.oc1..aaaaaaaavl2ndgiiefoo2u4a7atlq2czcwyiu5zzb6rzwwpeyt5o2xmtaxwa",
          "id": "ocid1.availabilitydomain.oc1..aaaaaaaatrwxaogr7dl4yschqtrmqrdv6uzis3mgbnomiagqrfhcb7mxsfdq",
          "name": "EgzC:US-ASHBURN-AD-2"
        },
        {
          "compartment_id": "ocid1.tenancy.oc1..aaaaaaaavl2ndgiiefoo2u4a7atlq2czcwyiu5zzb6rzwwpeyt5o2xmtaxwa",
          "id": "ocid1.availabilitydomain.oc1..aaaaaaaauvt2n7pijol7uqgdnnsoojcukrijtmcltvfwxazmitk235wyohta",
          "name": "EgzC:US-ASHBURN-AD-3"
        }
      ],
      "type": [
        "list",
        [
          "object",
          {
            "compartment_id": "string",
            "id": "string",
            "name": "string"
          }
        ]
      ]
    }
  },
  "resources": [
    {
      "module": "module.instance",
      "mode": "data",
      "type": "oci_identity_availability_domain",
      "name": "ad",
      "provider": "provider[\"registry.terraform.io/hashicorp/oci\"]",
      "instances": [
        {
          "schema_version": 0,
          "attributes": {
            "ad_number": 1,
            "compartment_id": "ocid1.tenancy.oc1..aaaaaaaavl2ndgiiefoo2u4a7atlq2czcwyiu5zzb6rzwwpeyt5o2xmtaxwa",
            "id": "ocid1.availabilitydomain.oc1..aaaaaaaaztunlny6ae4yw2vghp5go2zceaonwp6wiioe3tnh2vlaxjjl2n3a",
            "name": "EgzC:US-ASHBURN-AD-1"
          },
          "sensitive_attributes": []
        }
      ]
    },
    {
      "module": "module.instance",
      "mode": "managed",
      "type": "oci_core_instance",
      "name": "bastion-instance",
      "provider": "provider[\"registry.terraform.io/hashicorp/oci\"]",
      "instances": [
        {
          "index_key": 0,
          "status": "tainted",
          "schema_version": 0,
          "attributes": {
            "agent_config": [
              {
                "is_management_disabled": false,
                "is_monitoring_disabled": false
              }
            ],
            "availability_config": [
              {
                "recovery_action": "RESTORE_INSTANCE"
              }
            ],
            "availability_domain": "EgzC:US-ASHBURN-AD-1",
            "boot_volume_id": "ocid1.bootvolume.oc1.iad.abuwcljs5fz7ks6q4pnla2zqf4gt4qghrnwtellqsawqgp2i2b2qkatmbg4q",
            "compartment_id": "ocid1.compartment.oc1..aaaaaaaahr5yytqlt3bdb7vv4r5ngr6ahe4sj2kpqkq6bqsdrdi64nvrbc3q",
            "create_vnic_details": [
              {
                "assign_public_ip": "true",
                "defined_tags": {
                  "Oracle-Tags.CreatedBy": "oracleidentitycloudservice/absalon.opazo@oracle.com",
                  "Oracle-Tags.CreatedOn": "2020-12-31T14:24:25.750Z",
                  "lad-mcr-s.pais": "Chile"
                },
                "display_name": "Primaryvnic",
                "freeform_tags": {
                  "freeformkey0": "freeformvalue0"
                },
                "hostname_label": "",
                "nsg_ids": null,
                "private_ip": "10.1.1.2",
                "skip_source_dest_check": false,
                "subnet_id": "ocid1.subnet.oc1.iad.aaaaaaaayifyvhxtjauabjmmpvzfslpwnjb7my2bxvpwxsj6sh4sk3kkohqa",
                "vlan_id": ""
              }
            ],
            "dedicated_vm_host_id": null,
            "defined_tags": {
              "Oracle-Tags.CreatedBy": "oracleidentitycloudservice/absalon.opazo@oracle.com",
              "Oracle-Tags.CreatedOn": "2020-12-31T14:24:25.750Z",
              "lad-mcr-s.pais": "Chile"
            },
            "display_name": "BASTION-HOST",
            "extended_metadata": null,
            "fault_domain": "FAULT-DOMAIN-2",
            "freeform_tags": {
              "freeformkey0": "freeformvalue0"
            },
            "hostname_label": "",
            "id": "ocid1.instance.oc1.iad.anuwcljsvoaa5zic5cj43326cjffeybdfrdazho354vi5nzzyhni7nvf4asa",
            "image": "ocid1.image.oc1.iad.aaaaaaaaf2wxqc6ee5axabpbandk6ji27oyxyicatqw5iwkrk76kecqrrdyq",
            "instance_options": [
              {
                "are_legacy_imds_endpoints_disabled": false
              }
            ],
            "ipxe_script": null,
            "is_pv_encryption_in_transit_enabled": null,
            "launch_mode": "NATIVE",
            "launch_options": [
              {
                "boot_volume_type": "PARAVIRTUALIZED",
                "firmware": "UEFI_64",
                "is_consistent_volume_naming_enabled": true,
                "is_pv_encryption_in_transit_enabled": false,
                "network_type": "PARAVIRTUALIZED",
                "remote_data_volume_type": "PARAVIRTUALIZED"
              }
            ],
            "metadata": {
              "ssh_authorized_keys": "ssh-rsa AAAAB3NzaC1yc2EAAAADAQABAAABAQCSnsp45Cq5tOofh354wAYoou7MHGrzgFYLyM981UTJW2vtgOO9DNyn5vbkKFdtVNrvCUCjbhSqhhKdJSqX23+fl4/tOVZof0sKWLv9Evj0M4TjJ9isszhtbFfjuh37vAJ1IHnd2E0QsUpL3P2gIHTuoU9hzaCq7mFBRC9aP0Pz4EwLyDBwtErMsiWapARR0nUGLdZMQwANwdvOo9/7hlyiriYwAw3TChWyuYnyDSvO89EugHsail7b+v/Pi7ani+lpp0jMIFkFAtur7kiPFz6TzK6gw75OMZLMf3kilTWMZaKLzIUy/BL2QOtRe1HAdzQA4jqQm0GYkvKRkDzMm2zf ssh-key-2020-12-23"
            },
            "preserve_boot_volume": null,
            "private_ip": "10.1.1.2",
            "public_ip": "193.122.157.237",
            "region": "iad",
            "shape": "VM.Standard2.1",
            "shape_config": [
              {
                "gpu_description": "",
                "gpus": 0,
                "local_disk_description": "",
                "local_disks": 0,
                "local_disks_total_size_in_gbs": 0,
                "max_vnic_attachments": 2,
                "memory_in_gbs": 15,
                "networking_bandwidth_in_gbps": 1,
                "ocpus": 1,
                "processor_description": "2.0 GHz Intel® Xeon® Platinum 8167M (Skylake)"
              }
            ],
            "source_details": [
              {
                "boot_volume_size_in_gbs": "47",
                "kms_key_id": "",
                "source_id": "ocid1.image.oc1.iad.aaaaaaaaf2wxqc6ee5axabpbandk6ji27oyxyicatqw5iwkrk76kecqrrdyq",
                "source_type": "image"
              }
            ],
            "state": "RUNNING",
            "subnet_id": "ocid1.subnet.oc1.iad.aaaaaaaayifyvhxtjauabjmmpvzfslpwnjb7my2bxvpwxsj6sh4sk3kkohqa",
            "system_tags": {},
            "time_created": "2020-12-31 14:24:26.204 +0000 UTC",
            "time_maintenance_reboot_due": "",
            "timeouts": {
              "create": "60m",
              "delete": null,
              "update": null
            }
          },
          "sensitive_attributes": [],
          "private": "eyJlMmJmYjczMC1lY2FhLTExZTYtOGY4OC0zNDM2M2JjN2M0YzAiOnsiY3JlYXRlIjozNjAwMDAwMDAwMDAwLCJkZWxldGUiOjI3MDAwMDAwMDAwMDAsInVwZGF0ZSI6MjcwMDAwMDAwMDAwMH19",
          "dependencies": [
            "module.instance.data.oci_identity_availability_domain.ad",
            "module.vcn.oci_core_internet_gateway.test_internet_gateway",
            "module.vcn.oci_core_route_table.public_subnet_route_table",
            "module.vcn.oci_core_security_list.test_security_list",
            "module.vcn.oci_core_subnet.public-subnet-rdg",
            "module.vcn.oci_core_vcn.test_vcn"
          ]
        }
      ]
    },
    {
      "module": "module.instance",
      "mode": "managed",
      "type": "oci_core_instance",
      "name": "rdg-instance",
      "provider": "provider[\"registry.terraform.io/hashicorp/oci\"]",
      "instances": [
        {
          "index_key": 0,
          "schema_version": 0,
          "attributes": {
            "agent_config": [
              {
                "is_management_disabled": false,
                "is_monitoring_disabled": false
              }
            ],
            "availability_config": [
              {
                "recovery_action": "RESTORE_INSTANCE"
              }
            ],
            "availability_domain": "EgzC:US-ASHBURN-AD-1",
            "boot_volume_id": "ocid1.bootvolume.oc1.iad.abuwcljsfmbhylild2qd2jogplbgzdvh7tsizzp3eqp63trscaqjm3dmrpua",
            "compartment_id": "ocid1.compartment.oc1..aaaaaaaahr5yytqlt3bdb7vv4r5ngr6ahe4sj2kpqkq6bqsdrdi64nvrbc3q",
            "create_vnic_details": [
              {
                "assign_public_ip": "false",
                "defined_tags": {
                  "Oracle-Tags.CreatedBy": "oracleidentitycloudservice/absalon.opazo@oracle.com",
                  "Oracle-Tags.CreatedOn": "2020-12-31T14:24:25.512Z",
                  "lad-mcr-s.pais": "Chile"
                },
                "display_name": "Primaryvnic",
                "freeform_tags": {
                  "freeformkey0": "freeformvalue0"
                },
                "hostname_label": "",
                "nsg_ids": null,
                "private_ip": "10.1.0.2",
                "skip_source_dest_check": false,
                "subnet_id": "ocid1.subnet.oc1.iad.aaaaaaaajat6mlngqyie5isqpfcymqrf3ejcc7eetabtp2ovr7h5p7wl5hiq",
                "vlan_id": ""
              }
            ],
            "dedicated_vm_host_id": null,
            "defined_tags": {
              "Oracle-Tags.CreatedBy": "oracleidentitycloudservice/absalon.opazo@oracle.com",
              "Oracle-Tags.CreatedOn": "2020-12-31T14:24:25.512Z",
              "lad-mcr-s.pais": "Chile"
            },
            "display_name": "RDG-HOST",
            "extended_metadata": null,
            "fault_domain": "FAULT-DOMAIN-2",
            "freeform_tags": {
              "freeformkey0": "freeformvalue0"
            },
            "hostname_label": "",
            "id": "ocid1.instance.oc1.iad.anuwcljsvoaa5zictffyiehibve46ccm6gktebygrb5rcu4nqbhklan3mueq",
            "image": "ocid1.image.oc1.iad.aaaaaaaaraizp7oxtm47pk25gicdwjiwj7ar6s2eef5xcgxgkippu5rj7xsq",
            "instance_options": [
              {
                "are_legacy_imds_endpoints_disabled": false
              }
            ],
            "ipxe_script": null,
            "is_pv_encryption_in_transit_enabled": null,
            "launch_mode": "NATIVE",
            "launch_options": [
              {
                "boot_volume_type": "PARAVIRTUALIZED",
                "firmware": "UEFI_64",
                "is_consistent_volume_naming_enabled": true,
                "is_pv_encryption_in_transit_enabled": false,
                "network_type": "PARAVIRTUALIZED",
                "remote_data_volume_type": "PARAVIRTUALIZED"
              }
            ],
            "metadata": {
              "ssh_authorized_keys": "ssh-rsa AAAAB3NzaC1yc2EAAAADAQABAAABAQCSnsp45Cq5tOofh354wAYoou7MHGrzgFYLyM981UTJW2vtgOO9DNyn5vbkKFdtVNrvCUCjbhSqhhKdJSqX23+fl4/tOVZof0sKWLv9Evj0M4TjJ9isszhtbFfjuh37vAJ1IHnd2E0QsUpL3P2gIHTuoU9hzaCq7mFBRC9aP0Pz4EwLyDBwtErMsiWapARR0nUGLdZMQwANwdvOo9/7hlyiriYwAw3TChWyuYnyDSvO89EugHsail7b+v/Pi7ani+lpp0jMIFkFAtur7kiPFz6TzK6gw75OMZLMf3kilTWMZaKLzIUy/BL2QOtRe1HAdzQA4jqQm0GYkvKRkDzMm2zf ssh-key-2020-12-23",
              "user_data": "IyEvYmluL2Jhc2ggLXgKZWNobyAnIyMjIyMjIyMjIyMjIyMjIyMjIyBzdGFydCBSREcgIyMjIyMjIyMjIyMjIyMjIyMjIyMjJwpPcmFjbGUvTWlkZGxld2FyZS9PcmFjbGVfSG9tZS9kb21haW4vYmluL3N0YXJ0SmV0dHkuc2gK"
            },
            "preserve_boot_volume": null,
            "private_ip": "10.1.0.2",
            "public_ip": "",
            "region": "iad",
            "shape": "VM.Standard2.1",
            "shape_config": [
              {
                "gpu_description": "",
                "gpus": 0,
                "local_disk_description": "",
                "local_disks": 0,
                "local_disks_total_size_in_gbs": 0,
                "max_vnic_attachments": 2,
                "memory_in_gbs": 15,
                "networking_bandwidth_in_gbps": 1,
                "ocpus": 1,
                "processor_description": "2.0 GHz Intel® Xeon® Platinum 8167M (Skylake)"
              }
            ],
            "source_details": [
              {
                "boot_volume_size_in_gbs": "47",
                "kms_key_id": "",
                "source_id": "ocid1.image.oc1.iad.aaaaaaaaraizp7oxtm47pk25gicdwjiwj7ar6s2eef5xcgxgkippu5rj7xsq",
                "source_type": "image"
              }
            ],
            "state": "RUNNING",
            "subnet_id": "ocid1.subnet.oc1.iad.aaaaaaaajat6mlngqyie5isqpfcymqrf3ejcc7eetabtp2ovr7h5p7wl5hiq",
            "system_tags": {},
            "time_created": "2020-12-31 14:24:26.028 +0000 UTC",
            "time_maintenance_reboot_due": "",
            "timeouts": {
              "create": "60m",
              "delete": null,
              "update": null
            }
          },
          "sensitive_attributes": [],
          "private": "eyJlMmJmYjczMC1lY2FhLTExZTYtOGY4OC0zNDM2M2JjN2M0YzAiOnsiY3JlYXRlIjozNjAwMDAwMDAwMDAwLCJkZWxldGUiOjI3MDAwMDAwMDAwMDAsInVwZGF0ZSI6MjcwMDAwMDAwMDAwMH19",
          "dependencies": [
            "module.instance.data.oci_identity_availability_domain.ad",
            "module.vcn.oci_core_subnet.private-subnet-rdg",
            "module.vcn.oci_core_vcn.test_vcn"
          ]
        }
      ]
    },
    {
      "module": "module.vcn",
      "mode": "data",
      "type": "oci_identity_availability_domain",
      "name": "ad",
      "provider": "provider[\"registry.terraform.io/hashicorp/oci\"]",
      "instances": [
        {
          "schema_version": 0,
          "attributes": {
            "ad_number": 1,
            "compartment_id": "ocid1.tenancy.oc1..aaaaaaaavl2ndgiiefoo2u4a7atlq2czcwyiu5zzb6rzwwpeyt5o2xmtaxwa",
            "id": "ocid1.availabilitydomain.oc1..aaaaaaaaztunlny6ae4yw2vghp5go2zceaonwp6wiioe3tnh2vlaxjjl2n3a",
            "name": "EgzC:US-ASHBURN-AD-1"
          },
          "sensitive_attributes": []
        }
      ]
    },
    {
      "module": "module.vcn",
      "mode": "data",
      "type": "oci_identity_availability_domains",
      "name": "ads",
      "provider": "provider[\"registry.terraform.io/hashicorp/oci\"]",
      "instances": [
        {
          "schema_version": 0,
          "attributes": {
            "availability_domains": [
              {
                "compartment_id": "ocid1.tenancy.oc1..aaaaaaaavl2ndgiiefoo2u4a7atlq2czcwyiu5zzb6rzwwpeyt5o2xmtaxwa",
                "id": "ocid1.availabilitydomain.oc1..aaaaaaaaztunlny6ae4yw2vghp5go2zceaonwp6wiioe3tnh2vlaxjjl2n3a",
                "name": "EgzC:US-ASHBURN-AD-1"
              },
              {
                "compartment_id": "ocid1.tenancy.oc1..aaaaaaaavl2ndgiiefoo2u4a7atlq2czcwyiu5zzb6rzwwpeyt5o2xmtaxwa",
                "id": "ocid1.availabilitydomain.oc1..aaaaaaaatrwxaogr7dl4yschqtrmqrdv6uzis3mgbnomiagqrfhcb7mxsfdq",
                "name": "EgzC:US-ASHBURN-AD-2"
              },
              {
                "compartment_id": "ocid1.tenancy.oc1..aaaaaaaavl2ndgiiefoo2u4a7atlq2czcwyiu5zzb6rzwwpeyt5o2xmtaxwa",
                "id": "ocid1.availabilitydomain.oc1..aaaaaaaauvt2n7pijol7uqgdnnsoojcukrijtmcltvfwxazmitk235wyohta",
                "name": "EgzC:US-ASHBURN-AD-3"
              }
            ],
            "compartment_id": "ocid1.tenancy.oc1..aaaaaaaavl2ndgiiefoo2u4a7atlq2czcwyiu5zzb6rzwwpeyt5o2xmtaxwa",
            "filter": null,
            "id": "IdentityAvailabilityDomainsDataSource-874021604"
          },
          "sensitive_attributes": []
        }
      ]
    },
    {
      "module": "module.vcn",
      "mode": "managed",
      "type": "oci_core_internet_gateway",
      "name": "test_internet_gateway",
      "provider": "provider[\"registry.terraform.io/hashicorp/oci\"]",
      "instances": [
        {
          "schema_version": 0,
          "attributes": {
            "compartment_id": "ocid1.compartment.oc1..aaaaaaaahr5yytqlt3bdb7vv4r5ngr6ahe4sj2kpqkq6bqsdrdi64nvrbc3q",
            "defined_tags": {
              "Oracle-Tags.CreatedBy": "oracleidentitycloudservice/absalon.opazo@oracle.com",
              "Oracle-Tags.CreatedOn": "2020-12-31T14:24:21.394Z"
            },
            "display_name": "internet-gw",
            "enabled": true,
            "freeform_tags": {},
            "id": "ocid1.internetgateway.oc1.iad.aaaaaaaaeix55zzogdjerpv3g2yyfxn3ttai6fk373cknpn5tchc6icf6qva",
            "state": "AVAILABLE",
            "time_created": "2020-12-31 14:24:21.448 +0000 UTC",
            "timeouts": null,
            "vcn_id": "ocid1.vcn.oc1.iad.amaaaaaavoaa5ziajdbe2l4mts7ll4xohl2rlwxvs2w7okrtltkhcdn555za"
          },
          "sensitive_attributes": [],
          "private": "eyJlMmJmYjczMC1lY2FhLTExZTYtOGY4OC0zNDM2M2JjN2M0YzAiOnsiY3JlYXRlIjoxMjAwMDAwMDAwMDAwLCJkZWxldGUiOjEyMDAwMDAwMDAwMDAsInVwZGF0ZSI6MTIwMDAwMDAwMDAwMH19",
          "dependencies": [
            "module.vcn.oci_core_vcn.test_vcn"
          ]
        }
      ]
    },
    {
      "module": "module.vcn",
      "mode": "managed",
      "type": "oci_core_route_table",
      "name": "public_subnet_route_table",
      "provider": "provider[\"registry.terraform.io/hashicorp/oci\"]",
      "instances": [
        {
          "schema_version": 0,
          "attributes": {
            "compartment_id": "ocid1.compartment.oc1..aaaaaaaahr5yytqlt3bdb7vv4r5ngr6ahe4sj2kpqkq6bqsdrdi64nvrbc3q",
            "defined_tags": {
              "Oracle-Tags.CreatedBy": "oracleidentitycloudservice/absalon.opazo@oracle.com",
              "Oracle-Tags.CreatedOn": "2020-12-31T14:24:22.053Z"
            },
            "display_name": "routetable20201231142422",
            "freeform_tags": {},
            "id": "ocid1.routetable.oc1.iad.aaaaaaaab322u7viuyhr32ch5lmxyczuyotpuhijryp2lgzwvt57v7cfl7dq",
            "route_rules": [
              {
                "cidr_block": "",
                "description": "internet-gw",
                "destination": "0.0.0.0/0",
                "destination_type": "CIDR_BLOCK",
                "network_entity_id": "ocid1.internetgateway.oc1.iad.aaaaaaaaeix55zzogdjerpv3g2yyfxn3ttai6fk373cknpn5tchc6icf6qva"
              }
            ],
            "state": "AVAILABLE",
            "time_created": "2020-12-31 14:24:22.079 +0000 UTC",
            "timeouts": null,
            "vcn_id": "ocid1.vcn.oc1.iad.amaaaaaavoaa5ziajdbe2l4mts7ll4xohl2rlwxvs2w7okrtltkhcdn555za"
          },
          "sensitive_attributes": [],
          "private": "eyJlMmJmYjczMC1lY2FhLTExZTYtOGY4OC0zNDM2M2JjN2M0YzAiOnsiY3JlYXRlIjoxMjAwMDAwMDAwMDAwLCJkZWxldGUiOjEyMDAwMDAwMDAwMDAsInVwZGF0ZSI6MTIwMDAwMDAwMDAwMH19",
          "dependencies": [
            "module.vcn.oci_core_internet_gateway.test_internet_gateway",
            "module.vcn.oci_core_vcn.test_vcn"
          ]
        }
      ]
    },
    {
      "module": "module.vcn",
      "mode": "managed",
      "type": "oci_core_security_list",
      "name": "test_security_list",
      "provider": "provider[\"registry.terraform.io/hashicorp/oci\"]",
      "instances": [
        {
          "schema_version": 0,
          "attributes": {
            "compartment_id": "ocid1.compartment.oc1..aaaaaaaahr5yytqlt3bdb7vv4r5ngr6ahe4sj2kpqkq6bqsdrdi64nvrbc3q",
            "defined_tags": {
              "Oracle-Tags.CreatedBy": "oracleidentitycloudservice/absalon.opazo@oracle.com",
              "Oracle-Tags.CreatedOn": "2020-12-31T14:24:21.809Z",
              "lad-mcr-s.pais": "Chile"
            },
            "display_name": "sec-list-windows-bastion",
            "egress_security_rules": [
              {
                "description": "Agress to All",
                "destination": "0.0.0.0/0",
                "destination_type": "CIDR_BLOCK",
                "icmp_options": [],
                "protocol": "all",
                "stateless": false,
                "tcp_options": [],
                "udp_options": []
              }
            ],
            "freeform_tags": {},
            "id": "ocid1.securitylist.oc1.iad.aaaaaaaay4frcx6k6dc7a3aizqfu4pefp6m4p5c2e62gzvsu3p637j4tfjgq",
            "ingress_security_rules": [
              {
                "description": "Ingress solo TCP",
                "icmp_options": [],
                "protocol": "all",
                "source": "0.0.0.0/0",
                "source_type": "CIDR_BLOCK",
                "stateless": false,
                "tcp_options": [],
                "udp_options": []
              }
            ],
            "state": "AVAILABLE",
            "time_created": "2020-12-31 14:24:21.822 +0000 UTC",
            "timeouts": null,
            "vcn_id": "ocid1.vcn.oc1.iad.amaaaaaavoaa5ziajdbe2l4mts7ll4xohl2rlwxvs2w7okrtltkhcdn555za"
          },
          "sensitive_attributes": [],
          "private": "eyJlMmJmYjczMC1lY2FhLTExZTYtOGY4OC0zNDM2M2JjN2M0YzAiOnsiY3JlYXRlIjoxMjAwMDAwMDAwMDAwLCJkZWxldGUiOjEyMDAwMDAwMDAwMDAsInVwZGF0ZSI6MTIwMDAwMDAwMDAwMH19",
          "dependencies": [
            "module.vcn.oci_core_vcn.test_vcn"
          ]
        }
      ]
    },
    {
      "module": "module.vcn",
      "mode": "managed",
      "type": "oci_core_subnet",
      "name": "private-subnet-rdg",
      "provider": "provider[\"registry.terraform.io/hashicorp/oci\"]",
      "instances": [
        {
          "schema_version": 0,
          "attributes": {
            "availability_domain": null,
            "cidr_block": "10.1.0.0/24",
            "compartment_id": "ocid1.compartment.oc1..aaaaaaaahr5yytqlt3bdb7vv4r5ngr6ahe4sj2kpqkq6bqsdrdi64nvrbc3q",
            "defined_tags": {
              "Oracle-Tags.CreatedBy": "oracleidentitycloudservice/absalon.opazo@oracle.com",
              "Oracle-Tags.CreatedOn": "2020-12-31T14:24:21.923Z"
            },
            "dhcp_options_id": "ocid1.dhcpoptions.oc1.iad.aaaaaaaar4dmm3ixdpl7p7id2247a63in3tze37i2xataetxb77k76usclcq",
            "display_name": "private-subnet-rdg",
            "dns_label": null,
            "freeform_tags": {},
            "id": "ocid1.subnet.oc1.iad.aaaaaaaajat6mlngqyie5isqpfcymqrf3ejcc7eetabtp2ovr7h5p7wl5hiq",
            "ipv6cidr_block": null,
            "ipv6public_cidr_block": null,
            "ipv6virtual_router_ip": null,
            "prohibit_public_ip_on_vnic": true,
            "route_table_id": "ocid1.routetable.oc1.iad.aaaaaaaakqnqkhmtg7hwgfmvwnmses2skybqemjfiyehjgabaisojqgag3lq",
            "security_list_ids": [
              "ocid1.securitylist.oc1.iad.aaaaaaaavmslsmk3zv7htukinov5bdonfco5yn3tf5yofucloemzhidpcwfa"
            ],
            "state": "AVAILABLE",
            "subnet_domain_name": null,
            "time_created": "2020-12-31 14:24:22.39 +0000 UTC",
            "timeouts": null,
            "vcn_id": "ocid1.vcn.oc1.iad.amaaaaaavoaa5ziajdbe2l4mts7ll4xohl2rlwxvs2w7okrtltkhcdn555za",
            "virtual_router_ip": "10.1.0.1",
            "virtual_router_mac": "00:00:17:92:FB:14"
          },
          "sensitive_attributes": [],
          "private": "eyJlMmJmYjczMC1lY2FhLTExZTYtOGY4OC0zNDM2M2JjN2M0YzAiOnsiY3JlYXRlIjoxMjAwMDAwMDAwMDAwLCJkZWxldGUiOjEyMDAwMDAwMDAwMDAsInVwZGF0ZSI6MTIwMDAwMDAwMDAwMH19",
          "dependencies": [
            "module.vcn.oci_core_vcn.test_vcn"
          ]
        }
      ]
    },
    {
      "module": "module.vcn",
      "mode": "managed",
      "type": "oci_core_subnet",
      "name": "public-subnet-rdg",
      "provider": "provider[\"registry.terraform.io/hashicorp/oci\"]",
      "instances": [
        {
          "schema_version": 0,
          "attributes": {
            "availability_domain": null,
            "cidr_block": "10.1.1.0/24",
            "compartment_id": "ocid1.compartment.oc1..aaaaaaaahr5yytqlt3bdb7vv4r5ngr6ahe4sj2kpqkq6bqsdrdi64nvrbc3q",
            "defined_tags": {
              "Oracle-Tags.CreatedBy": "oracleidentitycloudservice/absalon.opazo@oracle.com",
              "Oracle-Tags.CreatedOn": "2020-12-31T14:24:22.702Z"
            },
            "dhcp_options_id": "ocid1.dhcpoptions.oc1.iad.aaaaaaaar4dmm3ixdpl7p7id2247a63in3tze37i2xataetxb77k76usclcq",
            "display_name": "public-subnet-rdg",
            "dns_label": null,
            "freeform_tags": {},
            "id": "ocid1.subnet.oc1.iad.aaaaaaaayifyvhxtjauabjmmpvzfslpwnjb7my2bxvpwxsj6sh4sk3kkohqa",
            "ipv6cidr_block": null,
            "ipv6public_cidr_block": null,
            "ipv6virtual_router_ip": null,
            "prohibit_public_ip_on_vnic": false,
            "route_table_id": "ocid1.routetable.oc1.iad.aaaaaaaab322u7viuyhr32ch5lmxyczuyotpuhijryp2lgzwvt57v7cfl7dq",
            "security_list_ids": [
              "ocid1.securitylist.oc1.iad.aaaaaaaay4frcx6k6dc7a3aizqfu4pefp6m4p5c2e62gzvsu3p637j4tfjgq"
            ],
            "state": "AVAILABLE",
            "subnet_domain_name": null,
            "time_created": "2020-12-31 14:24:22.758 +0000 UTC",
            "timeouts": null,
            "vcn_id": "ocid1.vcn.oc1.iad.amaaaaaavoaa5ziajdbe2l4mts7ll4xohl2rlwxvs2w7okrtltkhcdn555za",
            "virtual_router_ip": "10.1.1.1",
            "virtual_router_mac": "00:00:17:92:FB:14"
          },
          "sensitive_attributes": [],
          "private": "eyJlMmJmYjczMC1lY2FhLTExZTYtOGY4OC0zNDM2M2JjN2M0YzAiOnsiY3JlYXRlIjoxMjAwMDAwMDAwMDAwLCJkZWxldGUiOjEyMDAwMDAwMDAwMDAsInVwZGF0ZSI6MTIwMDAwMDAwMDAwMH19",
          "dependencies": [
            "module.vcn.oci_core_internet_gateway.test_internet_gateway",
            "module.vcn.oci_core_route_table.public_subnet_route_table",
            "module.vcn.oci_core_security_list.test_security_list",
            "module.vcn.oci_core_vcn.test_vcn"
          ]
        }
      ]
    },
    {
      "module": "module.vcn",
      "mode": "managed",
      "type": "oci_core_vcn",
      "name": "test_vcn",
      "provider": "provider[\"registry.terraform.io/hashicorp/oci\"]",
      "instances": [
        {
          "schema_version": 0,
          "attributes": {
            "cidr_block": "10.1.0.0/16",
            "cidr_blocks": [
              "10.1.0.0/16"
            ],
            "compartment_id": "ocid1.compartment.oc1..aaaaaaaahr5yytqlt3bdb7vv4r5ngr6ahe4sj2kpqkq6bqsdrdi64nvrbc3q",
            "default_dhcp_options_id": "ocid1.dhcpoptions.oc1.iad.aaaaaaaar4dmm3ixdpl7p7id2247a63in3tze37i2xataetxb77k76usclcq",
            "default_route_table_id": "ocid1.routetable.oc1.iad.aaaaaaaakqnqkhmtg7hwgfmvwnmses2skybqemjfiyehjgabaisojqgag3lq",
            "default_security_list_id": "ocid1.securitylist.oc1.iad.aaaaaaaavmslsmk3zv7htukinov5bdonfco5yn3tf5yofucloemzhidpcwfa",
            "defined_tags": {
              "Oracle-Tags.CreatedBy": "oracleidentitycloudservice/absalon.opazo@oracle.com",
              "Oracle-Tags.CreatedOn": "2020-12-31T14:24:20.706Z"
            },
            "display_name": "vcn-test-rdg",
            "dns_label": null,
            "freeform_tags": {},
            "id": "ocid1.vcn.oc1.iad.amaaaaaavoaa5ziajdbe2l4mts7ll4xohl2rlwxvs2w7okrtltkhcdn555za",
            "ipv6cidr_block": null,
            "ipv6public_cidr_block": null,
            "is_ipv6enabled": null,
            "state": "AVAILABLE",
            "time_created": "2020-12-31 14:24:20.712 +0000 UTC",
            "timeouts": null,
            "vcn_domain_name": null
          },
          "sensitive_attributes": [],
          "private": "eyJlMmJmYjczMC1lY2FhLTExZTYtOGY4OC0zNDM2M2JjN2M0YzAiOnsiY3JlYXRlIjoxMjAwMDAwMDAwMDAwLCJkZWxldGUiOjEyMDAwMDAwMDAwMDAsInVwZGF0ZSI6MTIwMDAwMDAwMDAwMH19"
        }
      ]
    }
  ]
}
