{
  "version": 4,
  "terraform_version": "0.14.3",
  "serial": 82,
  "lineage": "003cf552-6dc8-62d9-95dd-c5ed6575c501",
  "outputs": {
    "ads": {
      "value": [
        {
          "compartment_id": "ocid1.tenancy.oc1..aaaaaaaavl2ndgiiefoo2u4a7atlq2czcwyiu5zzb6rzwwpeyt5o2xmtaxwa",
          "id": "ocid1.availabilitydomain.oc1..aaaaaaaaztunlny6ae4yw2vghp5go2zceaonwp6wiioe3tnh2vlaxjjl2n3a",
          "name": "EgzC:US-ASHBURN-AD-1"
        },
        {
          "compartment_id": "ocid1.tenancy.oc1..aaaaaaaavl2ndgiiefoo2u4a7atlq2czcwyiu5zzb6rzwwpeyt5o2xmtaxwa",
          "id": "ocid1.availabilitydomain.oc1..aaaaaaaatrwxaogr7dl4yschqtrmqrdv6uzis3mgbnomiagqrfhcb7mxsfdq",
          "name": "EgzC:US-ASHBURN-AD-2"
        },
        {
          "compartment_id": "ocid1.tenancy.oc1..aaaaaaaavl2ndgiiefoo2u4a7atlq2czcwyiu5zzb6rzwwpeyt5o2xmtaxwa",
          "id": "ocid1.availabilitydomain.oc1..aaaaaaaauvt2n7pijol7uqgdnnsoojcukrijtmcltvfwxazmitk235wyohta",
          "name": "EgzC:US-ASHBURN-AD-3"
        }
      ],
      "type": [
        "list",
        [
          "object",
          {
            "compartment_id": "string",
            "id": "string",
            "name": "string"
          }
        ]
      ]
    }
  },
  "resources": [
    {
      "module": "module.instance",
      "mode": "data",
      "type": "oci_identity_availability_domain",
      "name": "ad",
      "provider": "provider[\"registry.terraform.io/hashicorp/oci\"]",
      "instances": [
        {
          "schema_version": 0,
          "attributes": {
            "ad_number": 1,
            "compartment_id": "ocid1.tenancy.oc1..aaaaaaaavl2ndgiiefoo2u4a7atlq2czcwyiu5zzb6rzwwpeyt5o2xmtaxwa",
            "id": "ocid1.availabilitydomain.oc1..aaaaaaaaztunlny6ae4yw2vghp5go2zceaonwp6wiioe3tnh2vlaxjjl2n3a",
            "name": "EgzC:US-ASHBURN-AD-1"
          },
          "sensitive_attributes": []
        }
      ]
    },
    {
      "module": "module.instance",
      "mode": "managed",
      "type": "oci_core_instance",
      "name": "bastion-instance",
      "provider": "provider[\"registry.terraform.io/hashicorp/oci\"]",
      "instances": [
        {
          "index_key": 0,
          "schema_version": 0,
          "attributes": {
            "agent_config": [
              {
                "is_management_disabled": false,
                "is_monitoring_disabled": false
              }
            ],
            "availability_config": [
              {
                "recovery_action": "RESTORE_INSTANCE"
              }
            ],
            "availability_domain": "EgzC:US-ASHBURN-AD-1",
            "boot_volume_id": "ocid1.bootvolume.oc1.iad.abuwcljs4v4bnenofd44dwpubkanwdhsscyl6nwclirc3c7wol2qpighjtqa",
            "compartment_id": "ocid1.compartment.oc1..aaaaaaaahr5yytqlt3bdb7vv4r5ngr6ahe4sj2kpqkq6bqsdrdi64nvrbc3q",
            "create_vnic_details": [
              {
                "assign_public_ip": "true",
                "defined_tags": {
                  "Oracle-Tags.CreatedBy": "oracleidentitycloudservice/absalon.opazo@oracle.com",
                  "Oracle-Tags.CreatedOn": "2020-12-31T17:16:23.212Z",
                  "lad-mcr-s.pais": "Chile"
                },
                "display_name": "Primaryvnic",
                "freeform_tags": {},
                "hostname_label": "",
                "nsg_ids": null,
                "private_ip": "10.1.1.3",
                "skip_source_dest_check": false,
                "subnet_id": "ocid1.subnet.oc1.iad.aaaaaaaah6ig54wn7rset4swctz4jhay6qd73p7rjs7slhofkmfe3hjaqd5a",
                "vlan_id": ""
              }
            ],
            "dedicated_vm_host_id": null,
            "defined_tags": {
              "Oracle-Tags.CreatedBy": "oracleidentitycloudservice/absalon.opazo@oracle.com",
              "Oracle-Tags.CreatedOn": "2020-12-31T17:16:23.212Z",
              "lad-mcr-s.pais": "Chile"
            },
            "display_name": "BASTION-HOST",
            "extended_metadata": null,
            "fault_domain": "FAULT-DOMAIN-2",
            "freeform_tags": {},
            "hostname_label": "",
            "id": "ocid1.instance.oc1.iad.anuwcljsvoaa5zic62pvsifuo5zp7ero5qbmyyqp4yuwq4523g44gmaoablq",
            "image": "ocid1.image.oc1.iad.aaaaaaaaf2wxqc6ee5axabpbandk6ji27oyxyicatqw5iwkrk76kecqrrdyq",
            "instance_options": [
              {
                "are_legacy_imds_endpoints_disabled": false
              }
            ],
            "ipxe_script": null,
            "is_pv_encryption_in_transit_enabled": null,
            "launch_mode": "NATIVE",
            "launch_options": [
              {
                "boot_volume_type": "PARAVIRTUALIZED",
                "firmware": "UEFI_64",
                "is_consistent_volume_naming_enabled": true,
                "is_pv_encryption_in_transit_enabled": false,
                "network_type": "PARAVIRTUALIZED",
                "remote_data_volume_type": "PARAVIRTUALIZED"
              }
            ],
            "metadata": {
              "ssh_authorized_keys": "ssh-rsa AAAAB3NzaC1yc2EAAAADAQABAAABAQCSnsp45Cq5tOofh354wAYoou7MHGrzgFYLyM981UTJW2vtgOO9DNyn5vbkKFdtVNrvCUCjbhSqhhKdJSqX23+fl4/tOVZof0sKWLv9Evj0M4TjJ9isszhtbFfjuh37vAJ1IHnd2E0QsUpL3P2gIHTuoU9hzaCq7mFBRC9aP0Pz4EwLyDBwtErMsiWapARR0nUGLdZMQwANwdvOo9/7hlyiriYwAw3TChWyuYnyDSvO89EugHsail7b+v/Pi7ani+lpp0jMIFkFAtur7kiPFz6TzK6gw75OMZLMf3kilTWMZaKLzIUy/BL2QOtRe1HAdzQA4jqQm0GYkvKRkDzMm2zf ssh-key-2020-12-23"
            },
            "preserve_boot_volume": null,
            "private_ip": "10.1.1.3",
            "public_ip": "132.145.206.96",
            "region": "iad",
            "shape": "VM.Standard2.1",
            "shape_config": [
              {
                "gpu_description": "",
                "gpus": 0,
                "local_disk_description": "",
                "local_disks": 0,
                "local_disks_total_size_in_gbs": 0,
                "max_vnic_attachments": 2,
                "memory_in_gbs": 15,
                "networking_bandwidth_in_gbps": 1,
                "ocpus": 1,
                "processor_description": "2.0 GHz Intel® Xeon® Platinum 8167M (Skylake)"
              }
            ],
            "source_details": [
              {
                "boot_volume_size_in_gbs": "47",
                "kms_key_id": "",
                "source_id": "ocid1.image.oc1.iad.aaaaaaaaf2wxqc6ee5axabpbandk6ji27oyxyicatqw5iwkrk76kecqrrdyq",
                "source_type": "image"
              }
            ],
            "state": "RUNNING",
            "subnet_id": "ocid1.subnet.oc1.iad.aaaaaaaah6ig54wn7rset4swctz4jhay6qd73p7rjs7slhofkmfe3hjaqd5a",
            "system_tags": {},
            "time_created": "2020-12-31 17:16:23.8 +0000 UTC",
            "time_maintenance_reboot_due": "",
            "timeouts": {
              "create": "60m",
              "delete": null,
              "update": null
            }
          },
          "sensitive_attributes": [],
          "private": "eyJlMmJmYjczMC1lY2FhLTExZTYtOGY4OC0zNDM2M2JjN2M0YzAiOnsiY3JlYXRlIjozNjAwMDAwMDAwMDAwLCJkZWxldGUiOjI3MDAwMDAwMDAwMDAsInVwZGF0ZSI6MjcwMDAwMDAwMDAwMH19",
          "dependencies": [
            "module.instance.data.oci_identity_availability_domain.ad",
            "module.vcn.oci_core_subnet.public-subnet-rdg"
          ]
        }
      ]
    },
    {
      "module": "module.vcn",
      "mode": "data",
      "type": "oci_identity_availability_domain",
      "name": "ad",
      "provider": "provider[\"registry.terraform.io/hashicorp/oci\"]",
      "instances": [
        {
          "schema_version": 0,
          "attributes": {
            "ad_number": 1,
            "compartment_id": "ocid1.tenancy.oc1..aaaaaaaavl2ndgiiefoo2u4a7atlq2czcwyiu5zzb6rzwwpeyt5o2xmtaxwa",
            "id": "ocid1.availabilitydomain.oc1..aaaaaaaaztunlny6ae4yw2vghp5go2zceaonwp6wiioe3tnh2vlaxjjl2n3a",
            "name": "EgzC:US-ASHBURN-AD-1"
          },
          "sensitive_attributes": []
        }
      ]
    },
    {
      "module": "module.vcn",
      "mode": "data",
      "type": "oci_identity_availability_domains",
      "name": "ads",
      "provider": "provider[\"registry.terraform.io/hashicorp/oci\"]",
      "instances": [
        {
          "schema_version": 0,
          "attributes": {
            "availability_domains": [
              {
                "compartment_id": "ocid1.tenancy.oc1..aaaaaaaavl2ndgiiefoo2u4a7atlq2czcwyiu5zzb6rzwwpeyt5o2xmtaxwa",
                "id": "ocid1.availabilitydomain.oc1..aaaaaaaaztunlny6ae4yw2vghp5go2zceaonwp6wiioe3tnh2vlaxjjl2n3a",
                "name": "EgzC:US-ASHBURN-AD-1"
              },
              {
                "compartment_id": "ocid1.tenancy.oc1..aaaaaaaavl2ndgiiefoo2u4a7atlq2czcwyiu5zzb6rzwwpeyt5o2xmtaxwa",
                "id": "ocid1.availabilitydomain.oc1..aaaaaaaatrwxaogr7dl4yschqtrmqrdv6uzis3mgbnomiagqrfhcb7mxsfdq",
                "name": "EgzC:US-ASHBURN-AD-2"
              },
              {
                "compartment_id": "ocid1.tenancy.oc1..aaaaaaaavl2ndgiiefoo2u4a7atlq2czcwyiu5zzb6rzwwpeyt5o2xmtaxwa",
                "id": "ocid1.availabilitydomain.oc1..aaaaaaaauvt2n7pijol7uqgdnnsoojcukrijtmcltvfwxazmitk235wyohta",
                "name": "EgzC:US-ASHBURN-AD-3"
              }
            ],
            "compartment_id": "ocid1.tenancy.oc1..aaaaaaaavl2ndgiiefoo2u4a7atlq2czcwyiu5zzb6rzwwpeyt5o2xmtaxwa",
            "filter": null,
            "id": "IdentityAvailabilityDomainsDataSource-874021604"
          },
          "sensitive_attributes": []
        }
      ]
    },
    {
      "module": "module.vcn",
      "mode": "managed",
      "type": "oci_core_internet_gateway",
      "name": "test_rdg_internet_gateway",
      "provider": "provider[\"registry.terraform.io/hashicorp/oci\"]",
      "instances": [
        {
          "schema_version": 0,
          "attributes": {
            "compartment_id": "ocid1.compartment.oc1..aaaaaaaahr5yytqlt3bdb7vv4r5ngr6ahe4sj2kpqkq6bqsdrdi64nvrbc3q",
            "defined_tags": {
              "lad-mcr-s.pais": "Chile"
            },
            "display_name": "internet-gw",
            "enabled": true,
            "freeform_tags": {},
            "id": "ocid1.internetgateway.oc1.iad.aaaaaaaarigm5kswfpvchljzx7fncpdcrzt7rpub3lche4zhc5x3hikt2l7q",
            "state": "AVAILABLE",
            "time_created": "2020-12-31 17:01:28.667 +0000 UTC",
            "timeouts": null,
            "vcn_id": "ocid1.vcn.oc1.iad.amaaaaaavoaa5ziakaw4an5vfgj3mz3qnwlf3eiybxfkpoqhh52e4ke4ypsa"
          },
          "sensitive_attributes": [],
          "private": "eyJlMmJmYjczMC1lY2FhLTExZTYtOGY4OC0zNDM2M2JjN2M0YzAiOnsiY3JlYXRlIjoxMjAwMDAwMDAwMDAwLCJkZWxldGUiOjEyMDAwMDAwMDAwMDAsInVwZGF0ZSI6MTIwMDAwMDAwMDAwMH19",
          "dependencies": [
            "module.vcn.oci_core_vcn.vcn-test-rdg"
          ]
        }
      ]
    },
    {
      "module": "module.vcn",
      "mode": "managed",
      "type": "oci_core_route_table",
      "name": "priv_subnet_route_table_test_rdg",
      "provider": "provider[\"registry.terraform.io/hashicorp/oci\"]",
      "instances": [
        {
          "schema_version": 0,
          "attributes": {
            "compartment_id": "ocid1.compartment.oc1..aaaaaaaahr5yytqlt3bdb7vv4r5ngr6ahe4sj2kpqkq6bqsdrdi64nvrbc3q",
            "defined_tags": {
              "lad-mcr-s.pais": "Chile"
            },
            "display_name": "routetable20201231170128",
            "freeform_tags": {},
            "id": "ocid1.routetable.oc1.iad.aaaaaaaa2rjvaq76shubip45oo2aqqdhqpnxtzeaulot3ffpi4wlfydjhvwa",
            "route_rules": [],
            "state": "AVAILABLE",
            "time_created": "2020-12-31 17:01:28.935 +0000 UTC",
            "timeouts": null,
            "vcn_id": "ocid1.vcn.oc1.iad.amaaaaaavoaa5ziakaw4an5vfgj3mz3qnwlf3eiybxfkpoqhh52e4ke4ypsa"
          },
          "sensitive_attributes": [],
          "private": "eyJlMmJmYjczMC1lY2FhLTExZTYtOGY4OC0zNDM2M2JjN2M0YzAiOnsiY3JlYXRlIjoxMjAwMDAwMDAwMDAwLCJkZWxldGUiOjEyMDAwMDAwMDAwMDAsInVwZGF0ZSI6MTIwMDAwMDAwMDAwMH19",
          "dependencies": [
            "module.vcn.oci_core_vcn.vcn-test-rdg"
          ]
        }
      ]
    },
    {
      "module": "module.vcn",
      "mode": "managed",
      "type": "oci_core_route_table",
      "name": "pub_subnet_route_table_test_rdg",
      "provider": "provider[\"registry.terraform.io/hashicorp/oci\"]",
      "instances": [
        {
          "schema_version": 0,
          "attributes": {
            "compartment_id": "ocid1.compartment.oc1..aaaaaaaahr5yytqlt3bdb7vv4r5ngr6ahe4sj2kpqkq6bqsdrdi64nvrbc3q",
            "defined_tags": {
              "lad-mcr-s.pais": "Chile"
            },
            "display_name": "routetable20201231170129",
            "freeform_tags": {},
            "id": "ocid1.routetable.oc1.iad.aaaaaaaazdmtbg2kkljksb2fqdj5yjthkptrc7qfvyrnirurracodh5zsrwa",
            "route_rules": [
              {
                "cidr_block": "",
                "description": "internet-gw",
                "destination": "0.0.0.0/0",
                "destination_type": "CIDR_BLOCK",
                "network_entity_id": "ocid1.internetgateway.oc1.iad.aaaaaaaarigm5kswfpvchljzx7fncpdcrzt7rpub3lche4zhc5x3hikt2l7q"
              }
            ],
            "state": "AVAILABLE",
            "time_created": "2020-12-31 17:01:29.335 +0000 UTC",
            "timeouts": null,
            "vcn_id": "ocid1.vcn.oc1.iad.amaaaaaavoaa5ziakaw4an5vfgj3mz3qnwlf3eiybxfkpoqhh52e4ke4ypsa"
          },
          "sensitive_attributes": [],
          "private": "eyJlMmJmYjczMC1lY2FhLTExZTYtOGY4OC0zNDM2M2JjN2M0YzAiOnsiY3JlYXRlIjoxMjAwMDAwMDAwMDAwLCJkZWxldGUiOjEyMDAwMDAwMDAwMDAsInVwZGF0ZSI6MTIwMDAwMDAwMDAwMH19",
          "dependencies": [
            "module.vcn.oci_core_internet_gateway.test_rdg_internet_gateway",
            "module.vcn.oci_core_vcn.vcn-test-rdg"
          ]
        }
      ]
    },
    {
      "module": "module.vcn",
      "mode": "managed",
      "type": "oci_core_security_list",
      "name": "test-rdg-security-list",
      "provider": "provider[\"registry.terraform.io/hashicorp/oci\"]",
      "instances": [
        {
          "schema_version": 0,
          "attributes": {
            "compartment_id": "ocid1.compartment.oc1..aaaaaaaahr5yytqlt3bdb7vv4r5ngr6ahe4sj2kpqkq6bqsdrdi64nvrbc3q",
            "defined_tags": {
              "lad-mcr-s.pais": "Chile"
            },
            "display_name": "sec-list-windows-bastion",
            "egress_security_rules": [
              {
                "description": "Agress to All",
                "destination": "0.0.0.0/0",
                "destination_type": "CIDR_BLOCK",
                "icmp_options": [],
                "protocol": "all",
                "stateless": false,
                "tcp_options": [],
                "udp_options": []
              }
            ],
            "freeform_tags": {},
            "id": "ocid1.securitylist.oc1.iad.aaaaaaaayyjgt6wlpr56k6gcneymcqpopdtwkwdzsa4o2avhfytczwhqhctq",
            "ingress_security_rules": [
              {
                "description": "Ingress solo TCP",
                "icmp_options": [],
                "protocol": "all",
                "source": "0.0.0.0/0",
                "source_type": "CIDR_BLOCK",
                "stateless": false,
                "tcp_options": [],
                "udp_options": []
              }
            ],
            "state": "AVAILABLE",
            "time_created": "2020-12-31 17:01:29.056 +0000 UTC",
            "timeouts": null,
            "vcn_id": "ocid1.vcn.oc1.iad.amaaaaaavoaa5ziakaw4an5vfgj3mz3qnwlf3eiybxfkpoqhh52e4ke4ypsa"
          },
          "sensitive_attributes": [],
          "private": "eyJlMmJmYjczMC1lY2FhLTExZTYtOGY4OC0zNDM2M2JjN2M0YzAiOnsiY3JlYXRlIjoxMjAwMDAwMDAwMDAwLCJkZWxldGUiOjEyMDAwMDAwMDAwMDAsInVwZGF0ZSI6MTIwMDAwMDAwMDAwMH19",
          "dependencies": [
            "module.vcn.oci_core_vcn.vcn-test-rdg"
          ]
        }
      ]
    },
    {
      "module": "module.vcn",
      "mode": "managed",
      "type": "oci_core_subnet",
      "name": "private-subnet-rdg",
      "provider": "provider[\"registry.terraform.io/hashicorp/oci\"]",
      "instances": [
        {
          "schema_version": 0,
          "attributes": {
            "availability_domain": null,
            "cidr_block": "10.1.0.0/24",
            "compartment_id": "ocid1.compartment.oc1..aaaaaaaahr5yytqlt3bdb7vv4r5ngr6ahe4sj2kpqkq6bqsdrdi64nvrbc3q",
            "defined_tags": {
              "lad-mcr-s.pais": "Chile"
            },
            "dhcp_options_id": "ocid1.dhcpoptions.oc1.iad.aaaaaaaaac4rez2zlz4lcrr3ubat3f6xx7vmranbmmza3qbyzakjhc7pqh6a",
            "display_name": "private-subnet-rdg",
            "dns_label": null,
            "freeform_tags": {},
            "id": "ocid1.subnet.oc1.iad.aaaaaaaavoxmrtjtdveei6vxqcf2scsmxcwbgjye3ex5duig4whxyg2qo3ma",
            "ipv6cidr_block": null,
            "ipv6public_cidr_block": null,
            "ipv6virtual_router_ip": null,
            "prohibit_public_ip_on_vnic": true,
            "route_table_id": "ocid1.routetable.oc1.iad.aaaaaaaa2rjvaq76shubip45oo2aqqdhqpnxtzeaulot3ffpi4wlfydjhvwa",
            "security_list_ids": [
              "ocid1.securitylist.oc1.iad.aaaaaaaayyjgt6wlpr56k6gcneymcqpopdtwkwdzsa4o2avhfytczwhqhctq"
            ],
            "state": "AVAILABLE",
            "subnet_domain_name": null,
            "time_created": "2020-12-31 17:01:29.741 +0000 UTC",
            "timeouts": null,
            "vcn_id": "ocid1.vcn.oc1.iad.amaaaaaavoaa5ziakaw4an5vfgj3mz3qnwlf3eiybxfkpoqhh52e4ke4ypsa",
            "virtual_router_ip": "10.1.0.1",
            "virtual_router_mac": "00:00:17:0A:7D:04"
          },
          "sensitive_attributes": [],
          "private": "eyJlMmJmYjczMC1lY2FhLTExZTYtOGY4OC0zNDM2M2JjN2M0YzAiOnsiY3JlYXRlIjoxMjAwMDAwMDAwMDAwLCJkZWxldGUiOjEyMDAwMDAwMDAwMDAsInVwZGF0ZSI6MTIwMDAwMDAwMDAwMH19",
          "dependencies": [
            "module.vcn.oci_core_route_table.priv_subnet_route_table_test_rdg",
            "module.vcn.oci_core_security_list.test-rdg-security-list",
            "module.vcn.oci_core_vcn.vcn-test-rdg"
          ]
        }
      ]
    },
    {
      "module": "module.vcn",
      "mode": "managed",
      "type": "oci_core_subnet",
      "name": "public-subnet-rdg",
      "provider": "provider[\"registry.terraform.io/hashicorp/oci\"]",
      "instances": [
        {
          "schema_version": 0,
          "attributes": {
            "availability_domain": null,
            "cidr_block": "10.1.1.0/24",
            "compartment_id": "ocid1.compartment.oc1..aaaaaaaahr5yytqlt3bdb7vv4r5ngr6ahe4sj2kpqkq6bqsdrdi64nvrbc3q",
            "defined_tags": {
              "lad-mcr-s.pais": "Chile"
            },
            "dhcp_options_id": "ocid1.dhcpoptions.oc1.iad.aaaaaaaaac4rez2zlz4lcrr3ubat3f6xx7vmranbmmza3qbyzakjhc7pqh6a",
            "display_name": "public-subnet-rdg",
            "dns_label": null,
            "freeform_tags": {},
            "id": "ocid1.subnet.oc1.iad.aaaaaaaah6ig54wn7rset4swctz4jhay6qd73p7rjs7slhofkmfe3hjaqd5a",
            "ipv6cidr_block": null,
            "ipv6public_cidr_block": null,
            "ipv6virtual_router_ip": null,
            "prohibit_public_ip_on_vnic": false,
            "route_table_id": "ocid1.routetable.oc1.iad.aaaaaaaazdmtbg2kkljksb2fqdj5yjthkptrc7qfvyrnirurracodh5zsrwa",
            "security_list_ids": [
              "ocid1.securitylist.oc1.iad.aaaaaaaayyjgt6wlpr56k6gcneymcqpopdtwkwdzsa4o2avhfytczwhqhctq"
            ],
            "state": "AVAILABLE",
            "subnet_domain_name": null,
            "time_created": "2020-12-31 17:01:30.251 +0000 UTC",
            "timeouts": null,
            "vcn_id": "ocid1.vcn.oc1.iad.amaaaaaavoaa5ziakaw4an5vfgj3mz3qnwlf3eiybxfkpoqhh52e4ke4ypsa",
            "virtual_router_ip": "10.1.1.1",
            "virtual_router_mac": "00:00:17:0A:7D:04"
          },
          "sensitive_attributes": [],
          "private": "eyJlMmJmYjczMC1lY2FhLTExZTYtOGY4OC0zNDM2M2JjN2M0YzAiOnsiY3JlYXRlIjoxMjAwMDAwMDAwMDAwLCJkZWxldGUiOjEyMDAwMDAwMDAwMDAsInVwZGF0ZSI6MTIwMDAwMDAwMDAwMH19",
          "dependencies": [
            "module.vcn.oci_core_internet_gateway.test_rdg_internet_gateway",
            "module.vcn.oci_core_route_table.pub_subnet_route_table_test_rdg",
            "module.vcn.oci_core_security_list.test-rdg-security-list",
            "module.vcn.oci_core_vcn.vcn-test-rdg"
          ]
        }
      ]
    },
    {
      "module": "module.vcn",
      "mode": "managed",
      "type": "oci_core_vcn",
      "name": "vcn-test-rdg",
      "provider": "provider[\"registry.terraform.io/hashicorp/oci\"]",
      "instances": [
        {
          "schema_version": 0,
          "attributes": {
            "cidr_block": "10.1.0.0/16",
            "cidr_blocks": [
              "10.1.0.0/16"
            ],
            "compartment_id": "ocid1.compartment.oc1..aaaaaaaahr5yytqlt3bdb7vv4r5ngr6ahe4sj2kpqkq6bqsdrdi64nvrbc3q",
            "default_dhcp_options_id": "ocid1.dhcpoptions.oc1.iad.aaaaaaaaac4rez2zlz4lcrr3ubat3f6xx7vmranbmmza3qbyzakjhc7pqh6a",
            "default_route_table_id": "ocid1.routetable.oc1.iad.aaaaaaaazltsnxjcimevh7nzzvstlpm73p7c3qslfzxf7nidscgo5nukpaiq",
            "default_security_list_id": "ocid1.securitylist.oc1.iad.aaaaaaaaazds6u5i63tzxjyxhppoqgzhy2ntkh253g67io5apdwclgupmg4a",
            "defined_tags": {
              "lad-mcr-s.pais": "Chile"
            },
            "display_name": "vcn-test-rdg",
            "dns_label": null,
            "freeform_tags": {},
            "id": "ocid1.vcn.oc1.iad.amaaaaaavoaa5ziakaw4an5vfgj3mz3qnwlf3eiybxfkpoqhh52e4ke4ypsa",
            "ipv6cidr_block": null,
            "ipv6public_cidr_block": null,
            "is_ipv6enabled": null,
            "state": "AVAILABLE",
            "time_created": "2020-12-31 17:01:27.95 +0000 UTC",
            "timeouts": null,
            "vcn_domain_name": null
          },
          "sensitive_attributes": [],
          "private": "eyJlMmJmYjczMC1lY2FhLTExZTYtOGY4OC0zNDM2M2JjN2M0YzAiOnsiY3JlYXRlIjoxMjAwMDAwMDAwMDAwLCJkZWxldGUiOjEyMDAwMDAwMDAwMDAsInVwZGF0ZSI6MTIwMDAwMDAwMDAwMH19"
        }
      ]
    }
  ]
}
