
Terraform used the selected providers to generate the following execution
plan. Resource actions are indicated with the following symbols:
  [32m+[0m create
[0m
Terraform will perform the following actions:

[1m  # aws_eip.eip_kong_1[0m will be created[0m[0m
[0m  [32m+[0m[0m resource "aws_eip" "eip_kong_1" {
      [32m+[0m [0m[1m[0mallocation_id[0m[0m        = (known after apply)
      [32m+[0m [0m[1m[0massociation_id[0m[0m       = (known after apply)
      [32m+[0m [0m[1m[0mcarrier_ip[0m[0m           = (known after apply)
      [32m+[0m [0m[1m[0mcustomer_owned_ip[0m[0m    = (known after apply)
      [32m+[0m [0m[1m[0mdomain[0m[0m               = (known after apply)
      [32m+[0m [0m[1m[0mid[0m[0m                   = (known after apply)
      [32m+[0m [0m[1m[0minstance[0m[0m             = (known after apply)
      [32m+[0m [0m[1m[0mnetwork_border_group[0m[0m = (known after apply)
      [32m+[0m [0m[1m[0mnetwork_interface[0m[0m    = (known after apply)
      [32m+[0m [0m[1m[0mprivate_dns[0m[0m          = (known after apply)
      [32m+[0m [0m[1m[0mprivate_ip[0m[0m           = (known after apply)
      [32m+[0m [0m[1m[0mpublic_dns[0m[0m           = (known after apply)
      [32m+[0m [0m[1m[0mpublic_ip[0m[0m            = (known after apply)
      [32m+[0m [0m[1m[0mpublic_ipv4_pool[0m[0m     = (known after apply)
      [32m+[0m [0m[1m[0mvpc[0m[0m                  = true
    }

[1m  # aws_eip.eip_kong_2[0m will be created[0m[0m
[0m  [32m+[0m[0m resource "aws_eip" "eip_kong_2" {
      [32m+[0m [0m[1m[0mallocation_id[0m[0m        = (known after apply)
      [32m+[0m [0m[1m[0massociation_id[0m[0m       = (known after apply)
      [32m+[0m [0m[1m[0mcarrier_ip[0m[0m           = (known after apply)
      [32m+[0m [0m[1m[0mcustomer_owned_ip[0m[0m    = (known after apply)
      [32m+[0m [0m[1m[0mdomain[0m[0m               = (known after apply)
      [32m+[0m [0m[1m[0mid[0m[0m                   = (known after apply)
      [32m+[0m [0m[1m[0minstance[0m[0m             = (known after apply)
      [32m+[0m [0m[1m[0mnetwork_border_group[0m[0m = (known after apply)
      [32m+[0m [0m[1m[0mnetwork_interface[0m[0m    = (known after apply)
      [32m+[0m [0m[1m[0mprivate_dns[0m[0m          = (known after apply)
      [32m+[0m [0m[1m[0mprivate_ip[0m[0m           = (known after apply)
      [32m+[0m [0m[1m[0mpublic_dns[0m[0m           = (known after apply)
      [32m+[0m [0m[1m[0mpublic_ip[0m[0m            = (known after apply)
      [32m+[0m [0m[1m[0mpublic_ipv4_pool[0m[0m     = (known after apply)
      [32m+[0m [0m[1m[0mvpc[0m[0m                  = true
    }

[1m  # aws_instance.kong_vm["0"][0m will be created[0m[0m
[0m  [32m+[0m[0m resource "aws_instance" "kong_vm" {
      [32m+[0m [0m[1m[0mami[0m[0m                          = "ami-0742b4e673072066f"
      [32m+[0m [0m[1m[0marn[0m[0m                          = (known after apply)
      [32m+[0m [0m[1m[0massociate_public_ip_address[0m[0m  = true
      [32m+[0m [0m[1m[0mavailability_zone[0m[0m            = (known after apply)
      [32m+[0m [0m[1m[0mcpu_core_count[0m[0m               = (known after apply)
      [32m+[0m [0m[1m[0mcpu_threads_per_core[0m[0m         = (known after apply)
      [32m+[0m [0m[1m[0mget_password_data[0m[0m            = false
      [32m+[0m [0m[1m[0mhost_id[0m[0m                      = (known after apply)
      [32m+[0m [0m[1m[0mid[0m[0m                           = (known after apply)
      [32m+[0m [0m[1m[0minstance_state[0m[0m               = (known after apply)
      [32m+[0m [0m[1m[0minstance_type[0m[0m                = "t2.micro"
      [32m+[0m [0m[1m[0mipv6_address_count[0m[0m           = (known after apply)
      [32m+[0m [0m[1m[0mipv6_addresses[0m[0m               = (known after apply)
      [32m+[0m [0m[1m[0mkey_name[0m[0m                     = "aopazo-kong"
      [32m+[0m [0m[1m[0moutpost_arn[0m[0m                  = (known after apply)
      [32m+[0m [0m[1m[0mpassword_data[0m[0m                = (known after apply)
      [32m+[0m [0m[1m[0mplacement_group[0m[0m              = (known after apply)
      [32m+[0m [0m[1m[0mprimary_network_interface_id[0m[0m = (known after apply)
      [32m+[0m [0m[1m[0mprivate_dns[0m[0m                  = (known after apply)
      [32m+[0m [0m[1m[0mprivate_ip[0m[0m                   = (known after apply)
      [32m+[0m [0m[1m[0mpublic_dns[0m[0m                   = (known after apply)
      [32m+[0m [0m[1m[0mpublic_ip[0m[0m                    = (known after apply)
      [32m+[0m [0m[1m[0msecondary_private_ips[0m[0m        = (known after apply)
      [32m+[0m [0m[1m[0msecurity_groups[0m[0m              = (known after apply)
      [32m+[0m [0m[1m[0msource_dest_check[0m[0m            = true
      [32m+[0m [0m[1m[0msubnet_id[0m[0m                    = (known after apply)
      [32m+[0m [0m[1m[0mtags[0m[0m                         = {
          [32m+[0m [0m"Name" = "kong_vm_0"
          [32m+[0m [0m"Role" = "kong_vm_role"
        }
      [32m+[0m [0m[1m[0mtenancy[0m[0m                      = (known after apply)
      [32m+[0m [0m[1m[0muser_data[0m[0m                    = "fa78840c4809918ff3524942909d57cf89cc6557"
      [32m+[0m [0m[1m[0mvpc_security_group_ids[0m[0m       = (known after apply)

      [32m+[0m [0mebs_block_device {
          [32m+[0m [0m[1m[0mdelete_on_termination[0m[0m = (known after apply)
          [32m+[0m [0m[1m[0mdevice_name[0m[0m           = (known after apply)
          [32m+[0m [0m[1m[0mencrypted[0m[0m             = (known after apply)
          [32m+[0m [0m[1m[0miops[0m[0m                  = (known after apply)
          [32m+[0m [0m[1m[0mkms_key_id[0m[0m            = (known after apply)
          [32m+[0m [0m[1m[0msnapshot_id[0m[0m           = (known after apply)
          [32m+[0m [0m[1m[0mtags[0m[0m                  = (known after apply)
          [32m+[0m [0m[1m[0mthroughput[0m[0m            = (known after apply)
          [32m+[0m [0m[1m[0mvolume_id[0m[0m             = (known after apply)
          [32m+[0m [0m[1m[0mvolume_size[0m[0m           = (known after apply)
          [32m+[0m [0m[1m[0mvolume_type[0m[0m           = (known after apply)
        }

      [32m+[0m [0menclave_options {
          [32m+[0m [0m[1m[0menabled[0m[0m = (known after apply)
        }

      [32m+[0m [0mephemeral_block_device {
          [32m+[0m [0m[1m[0mdevice_name[0m[0m  = (known after apply)
          [32m+[0m [0m[1m[0mno_device[0m[0m    = (known after apply)
          [32m+[0m [0m[1m[0mvirtual_name[0m[0m = (known after apply)
        }

      [32m+[0m [0mmetadata_options {
          [32m+[0m [0m[1m[0mhttp_endpoint[0m[0m               = (known after apply)
          [32m+[0m [0m[1m[0mhttp_put_response_hop_limit[0m[0m = (known after apply)
          [32m+[0m [0m[1m[0mhttp_tokens[0m[0m                 = (known after apply)
        }

      [32m+[0m [0mnetwork_interface {
          [32m+[0m [0m[1m[0mdelete_on_termination[0m[0m = (known after apply)
          [32m+[0m [0m[1m[0mdevice_index[0m[0m          = (known after apply)
          [32m+[0m [0m[1m[0mnetwork_interface_id[0m[0m  = (known after apply)
        }

      [32m+[0m [0mroot_block_device {
          [32m+[0m [0m[1m[0mdelete_on_termination[0m[0m = (known after apply)
          [32m+[0m [0m[1m[0mdevice_name[0m[0m           = (known after apply)
          [32m+[0m [0m[1m[0mencrypted[0m[0m             = (known after apply)
          [32m+[0m [0m[1m[0miops[0m[0m                  = (known after apply)
          [32m+[0m [0m[1m[0mkms_key_id[0m[0m            = (known after apply)
          [32m+[0m [0m[1m[0mtags[0m[0m                  = (known after apply)
          [32m+[0m [0m[1m[0mthroughput[0m[0m            = (known after apply)
          [32m+[0m [0m[1m[0mvolume_id[0m[0m             = (known after apply)
          [32m+[0m [0m[1m[0mvolume_size[0m[0m           = (known after apply)
          [32m+[0m [0m[1m[0mvolume_type[0m[0m           = (known after apply)
        }
    }

[1m  # aws_instance.kong_vm["1"][0m will be created[0m[0m
[0m  [32m+[0m[0m resource "aws_instance" "kong_vm" {
      [32m+[0m [0m[1m[0mami[0m[0m                          = "ami-0742b4e673072066f"
      [32m+[0m [0m[1m[0marn[0m[0m                          = (known after apply)
      [32m+[0m [0m[1m[0massociate_public_ip_address[0m[0m  = true
      [32m+[0m [0m[1m[0mavailability_zone[0m[0m            = (known after apply)
      [32m+[0m [0m[1m[0mcpu_core_count[0m[0m               = (known after apply)
      [32m+[0m [0m[1m[0mcpu_threads_per_core[0m[0m         = (known after apply)
      [32m+[0m [0m[1m[0mget_password_data[0m[0m            = false
      [32m+[0m [0m[1m[0mhost_id[0m[0m                      = (known after apply)
      [32m+[0m [0m[1m[0mid[0m[0m                           = (known after apply)
      [32m+[0m [0m[1m[0minstance_state[0m[0m               = (known after apply)
      [32m+[0m [0m[1m[0minstance_type[0m[0m                = "t2.micro"
      [32m+[0m [0m[1m[0mipv6_address_count[0m[0m           = (known after apply)
      [32m+[0m [0m[1m[0mipv6_addresses[0m[0m               = (known after apply)
      [32m+[0m [0m[1m[0mkey_name[0m[0m                     = "aopazo-kong"
      [32m+[0m [0m[1m[0moutpost_arn[0m[0m                  = (known after apply)
      [32m+[0m [0m[1m[0mpassword_data[0m[0m                = (known after apply)
      [32m+[0m [0m[1m[0mplacement_group[0m[0m              = (known after apply)
      [32m+[0m [0m[1m[0mprimary_network_interface_id[0m[0m = (known after apply)
      [32m+[0m [0m[1m[0mprivate_dns[0m[0m                  = (known after apply)
      [32m+[0m [0m[1m[0mprivate_ip[0m[0m                   = (known after apply)
      [32m+[0m [0m[1m[0mpublic_dns[0m[0m                   = (known after apply)
      [32m+[0m [0m[1m[0mpublic_ip[0m[0m                    = (known after apply)
      [32m+[0m [0m[1m[0msecondary_private_ips[0m[0m        = (known after apply)
      [32m+[0m [0m[1m[0msecurity_groups[0m[0m              = (known after apply)
      [32m+[0m [0m[1m[0msource_dest_check[0m[0m            = true
      [32m+[0m [0m[1m[0msubnet_id[0m[0m                    = (known after apply)
      [32m+[0m [0m[1m[0mtags[0m[0m                         = {
          [32m+[0m [0m"Name" = "kong_vm_1"
          [32m+[0m [0m"Role" = "kong_vm_role"
        }
      [32m+[0m [0m[1m[0mtenancy[0m[0m                      = (known after apply)
      [32m+[0m [0m[1m[0muser_data[0m[0m                    = "fa78840c4809918ff3524942909d57cf89cc6557"
      [32m+[0m [0m[1m[0mvpc_security_group_ids[0m[0m       = (known after apply)

      [32m+[0m [0mebs_block_device {
          [32m+[0m [0m[1m[0mdelete_on_termination[0m[0m = (known after apply)
          [32m+[0m [0m[1m[0mdevice_name[0m[0m           = (known after apply)
          [32m+[0m [0m[1m[0mencrypted[0m[0m             = (known after apply)
          [32m+[0m [0m[1m[0miops[0m[0m                  = (known after apply)
          [32m+[0m [0m[1m[0mkms_key_id[0m[0m            = (known after apply)
          [32m+[0m [0m[1m[0msnapshot_id[0m[0m           = (known after apply)
          [32m+[0m [0m[1m[0mtags[0m[0m                  = (known after apply)
          [32m+[0m [0m[1m[0mthroughput[0m[0m            = (known after apply)
          [32m+[0m [0m[1m[0mvolume_id[0m[0m             = (known after apply)
          [32m+[0m [0m[1m[0mvolume_size[0m[0m           = (known after apply)
          [32m+[0m [0m[1m[0mvolume_type[0m[0m           = (known after apply)
        }

      [32m+[0m [0menclave_options {
          [32m+[0m [0m[1m[0menabled[0m[0m = (known after apply)
        }

      [32m+[0m [0mephemeral_block_device {
          [32m+[0m [0m[1m[0mdevice_name[0m[0m  = (known after apply)
          [32m+[0m [0m[1m[0mno_device[0m[0m    = (known after apply)
          [32m+[0m [0m[1m[0mvirtual_name[0m[0m = (known after apply)
        }

      [32m+[0m [0mmetadata_options {
          [32m+[0m [0m[1m[0mhttp_endpoint[0m[0m               = (known after apply)
          [32m+[0m [0m[1m[0mhttp_put_response_hop_limit[0m[0m = (known after apply)
          [32m+[0m [0m[1m[0mhttp_tokens[0m[0m                 = (known after apply)
        }

      [32m+[0m [0mnetwork_interface {
          [32m+[0m [0m[1m[0mdelete_on_termination[0m[0m = (known after apply)
          [32m+[0m [0m[1m[0mdevice_index[0m[0m          = (known after apply)
          [32m+[0m [0m[1m[0mnetwork_interface_id[0m[0m  = (known after apply)
        }

      [32m+[0m [0mroot_block_device {
          [32m+[0m [0m[1m[0mdelete_on_termination[0m[0m = (known after apply)
          [32m+[0m [0m[1m[0mdevice_name[0m[0m           = (known after apply)
          [32m+[0m [0m[1m[0mencrypted[0m[0m             = (known after apply)
          [32m+[0m [0m[1m[0miops[0m[0m                  = (known after apply)
          [32m+[0m [0m[1m[0mkms_key_id[0m[0m            = (known after apply)
          [32m+[0m [0m[1m[0mtags[0m[0m                  = (known after apply)
          [32m+[0m [0m[1m[0mthroughput[0m[0m            = (known after apply)
          [32m+[0m [0m[1m[0mvolume_id[0m[0m             = (known after apply)
          [32m+[0m [0m[1m[0mvolume_size[0m[0m           = (known after apply)
          [32m+[0m [0m[1m[0mvolume_type[0m[0m           = (known after apply)
        }
    }

[1m  # aws_internet_gateway.igw_kong[0m will be created[0m[0m
[0m  [32m+[0m[0m resource "aws_internet_gateway" "igw_kong" {
      [32m+[0m [0m[1m[0marn[0m[0m      = (known after apply)
      [32m+[0m [0m[1m[0mid[0m[0m       = (known after apply)
      [32m+[0m [0m[1m[0mowner_id[0m[0m = (known after apply)
      [32m+[0m [0m[1m[0mtags[0m[0m     = {
          [32m+[0m [0m"Name" = "igw_kong"
        }
      [32m+[0m [0m[1m[0mvpc_id[0m[0m   = (known after apply)
    }

[1m  # aws_lb.external_lbaas_kong[0m will be created[0m[0m
[0m  [32m+[0m[0m resource "aws_lb" "external_lbaas_kong" {
      [32m+[0m [0m[1m[0marn[0m[0m                        = (known after apply)
      [32m+[0m [0m[1m[0marn_suffix[0m[0m                 = (known after apply)
      [32m+[0m [0m[1m[0mdns_name[0m[0m                   = (known after apply)
      [32m+[0m [0m[1m[0mdrop_invalid_header_fields[0m[0m = false
      [32m+[0m [0m[1m[0menable_deletion_protection[0m[0m = false
      [32m+[0m [0m[1m[0menable_http2[0m[0m               = true
      [32m+[0m [0m[1m[0mid[0m[0m                         = (known after apply)
      [32m+[0m [0m[1m[0midle_timeout[0m[0m               = 60
      [32m+[0m [0m[1m[0minternal[0m[0m                   = false
      [32m+[0m [0m[1m[0mip_address_type[0m[0m            = (known after apply)
      [32m+[0m [0m[1m[0mload_balancer_type[0m[0m         = "application"
      [32m+[0m [0m[1m[0mname[0m[0m                       = "externalLbaasKong"
      [32m+[0m [0m[1m[0msecurity_groups[0m[0m            = (known after apply)
      [32m+[0m [0m[1m[0msubnets[0m[0m                    = (known after apply)
      [32m+[0m [0m[1m[0mvpc_id[0m[0m                     = (known after apply)
      [32m+[0m [0m[1m[0mzone_id[0m[0m                    = (known after apply)

      [32m+[0m [0msubnet_mapping {
          [32m+[0m [0m[1m[0mallocation_id[0m[0m        = (known after apply)
          [32m+[0m [0m[1m[0mipv6_address[0m[0m         = (known after apply)
          [32m+[0m [0m[1m[0moutpost_id[0m[0m           = (known after apply)
          [32m+[0m [0m[1m[0mprivate_ipv4_address[0m[0m = (known after apply)
          [32m+[0m [0m[1m[0msubnet_id[0m[0m            = (known after apply)
        }
    }

[1m  # aws_lb_listener.external-http[0m will be created[0m[0m
[0m  [32m+[0m[0m resource "aws_lb_listener" "external-http" {
      [32m+[0m [0m[1m[0marn[0m[0m               = (known after apply)
      [32m+[0m [0m[1m[0mid[0m[0m                = (known after apply)
      [32m+[0m [0m[1m[0mload_balancer_arn[0m[0m = (known after apply)
      [32m+[0m [0m[1m[0mport[0m[0m              = 80
      [32m+[0m [0m[1m[0mprotocol[0m[0m          = "HTTP"
      [32m+[0m [0m[1m[0mssl_policy[0m[0m        = (known after apply)

      [32m+[0m [0mdefault_action {
          [32m+[0m [0m[1m[0morder[0m[0m            = (known after apply)
          [32m+[0m [0m[1m[0mtarget_group_arn[0m[0m = (known after apply)
          [32m+[0m [0m[1m[0mtype[0m[0m             = "forward"
        }
    }

[1m  # aws_lb_target_group.kong_tg[0m will be created[0m[0m
[0m  [32m+[0m[0m resource "aws_lb_target_group" "kong_tg" {
      [32m+[0m [0m[1m[0marn[0m[0m                                = (known after apply)
      [32m+[0m [0m[1m[0marn_suffix[0m[0m                         = (known after apply)
      [32m+[0m [0m[1m[0mderegistration_delay[0m[0m               = 300
      [32m+[0m [0m[1m[0mid[0m[0m                                 = (known after apply)
      [32m+[0m [0m[1m[0mlambda_multi_value_headers_enabled[0m[0m = false
      [32m+[0m [0m[1m[0mload_balancing_algorithm_type[0m[0m      = (known after apply)
      [32m+[0m [0m[1m[0mname[0m[0m                               = "kongtargetgroup"
      [32m+[0m [0m[1m[0mport[0m[0m                               = 8001
      [32m+[0m [0m[1m[0mpreserve_client_ip[0m[0m                 = (known after apply)
      [32m+[0m [0m[1m[0mprotocol[0m[0m                           = "HTTP"
      [32m+[0m [0m[1m[0mprotocol_version[0m[0m                   = (known after apply)
      [32m+[0m [0m[1m[0mproxy_protocol_v2[0m[0m                  = false
      [32m+[0m [0m[1m[0mslow_start[0m[0m                         = 0
      [32m+[0m [0m[1m[0mtarget_type[0m[0m                        = "instance"
      [32m+[0m [0m[1m[0mvpc_id[0m[0m                             = (known after apply)

      [32m+[0m [0mhealth_check {
          [32m+[0m [0m[1m[0menabled[0m[0m             = true
          [32m+[0m [0m[1m[0mhealthy_threshold[0m[0m   = 5
          [32m+[0m [0m[1m[0minterval[0m[0m            = 5
          [32m+[0m [0m[1m[0mmatcher[0m[0m             = (known after apply)
          [32m+[0m [0m[1m[0mpath[0m[0m                = "/status"
          [32m+[0m [0m[1m[0mport[0m[0m                = "8001"
          [32m+[0m [0m[1m[0mprotocol[0m[0m            = "HTTP"
          [32m+[0m [0m[1m[0mtimeout[0m[0m             = 3
          [32m+[0m [0m[1m[0munhealthy_threshold[0m[0m = 2
        }

      [32m+[0m [0mstickiness {
          [32m+[0m [0m[1m[0mcookie_duration[0m[0m = (known after apply)
          [32m+[0m [0m[1m[0menabled[0m[0m         = (known after apply)
          [32m+[0m [0m[1m[0mtype[0m[0m            = (known after apply)
        }
    }

[1m  # aws_lb_target_group_attachment.tgr_attachment_0[0m will be created[0m[0m
[0m  [32m+[0m[0m resource "aws_lb_target_group_attachment" "tgr_attachment_0" {
      [32m+[0m [0m[1m[0mid[0m[0m               = (known after apply)
      [32m+[0m [0m[1m[0mport[0m[0m             = 8001
      [32m+[0m [0m[1m[0mtarget_group_arn[0m[0m = (known after apply)
      [32m+[0m [0m[1m[0mtarget_id[0m[0m        = (known after apply)
    }

[1m  # aws_lb_target_group_attachment.tgr_attachment_1[0m will be created[0m[0m
[0m  [32m+[0m[0m resource "aws_lb_target_group_attachment" "tgr_attachment_1" {
      [32m+[0m [0m[1m[0mid[0m[0m               = (known after apply)
      [32m+[0m [0m[1m[0mport[0m[0m             = 8001
      [32m+[0m [0m[1m[0mtarget_group_arn[0m[0m = (known after apply)
      [32m+[0m [0m[1m[0mtarget_id[0m[0m        = (known after apply)
    }

[1m  # aws_route_table.route_table_kong[0m will be created[0m[0m
[0m  [32m+[0m[0m resource "aws_route_table" "route_table_kong" {
      [32m+[0m [0m[1m[0marn[0m[0m              = (known after apply)
      [32m+[0m [0m[1m[0mid[0m[0m               = (known after apply)
      [32m+[0m [0m[1m[0mowner_id[0m[0m         = (known after apply)
      [32m+[0m [0m[1m[0mpropagating_vgws[0m[0m = (known after apply)
      [32m+[0m [0m[1m[0mroute[0m[0m            = [
          [32m+[0m [0m{
              [32m+[0m [0mcarrier_gateway_id         = ""
              [32m+[0m [0mcidr_block                 = "0.0.0.0/0"
              [32m+[0m [0mdestination_prefix_list_id = ""
              [32m+[0m [0megress_only_gateway_id     = ""
              [32m+[0m [0mgateway_id                 = (known after apply)
              [32m+[0m [0minstance_id                = ""
              [32m+[0m [0mipv6_cidr_block            = ""
              [32m+[0m [0mlocal_gateway_id           = ""
              [32m+[0m [0mnat_gateway_id             = ""
              [32m+[0m [0mnetwork_interface_id       = ""
              [32m+[0m [0mtransit_gateway_id         = ""
              [32m+[0m [0mvpc_endpoint_id            = ""
              [32m+[0m [0mvpc_peering_connection_id  = ""
            },
        ]
      [32m+[0m [0m[1m[0mtags[0m[0m             = {
          [32m+[0m [0m"Name" = "route_table_kong"
        }
      [32m+[0m [0m[1m[0mvpc_id[0m[0m           = (known after apply)
    }

[1m  # aws_route_table_association.subnet-association[0m will be created[0m[0m
[0m  [32m+[0m[0m resource "aws_route_table_association" "subnet-association" {
      [32m+[0m [0m[1m[0mid[0m[0m             = (known after apply)
      [32m+[0m [0m[1m[0mroute_table_id[0m[0m = (known after apply)
      [32m+[0m [0m[1m[0msubnet_id[0m[0m      = (known after apply)
    }

[1m  # aws_route_table_association.subnet_association_priv[0m will be created[0m[0m
[0m  [32m+[0m[0m resource "aws_route_table_association" "subnet_association_priv" {
      [32m+[0m [0m[1m[0mid[0m[0m             = (known after apply)
      [32m+[0m [0m[1m[0mroute_table_id[0m[0m = (known after apply)
      [32m+[0m [0m[1m[0msubnet_id[0m[0m      = (known after apply)
    }

[1m  # aws_security_group.sg_kong[0m will be created[0m[0m
[0m  [32m+[0m[0m resource "aws_security_group" "sg_kong" {
      [32m+[0m [0m[1m[0marn[0m[0m                    = (known after apply)
      [32m+[0m [0m[1m[0mdescription[0m[0m            = "Managed by Terraform"
      [32m+[0m [0m[1m[0megress[0m[0m                 = [
          [32m+[0m [0m{
              [32m+[0m [0mcidr_blocks      = [
                  [32m+[0m [0m"0.0.0.0/0",
                ]
              [32m+[0m [0mdescription      = ""
              [32m+[0m [0mfrom_port        = 0
              [32m+[0m [0mipv6_cidr_blocks = []
              [32m+[0m [0mprefix_list_ids  = []
              [32m+[0m [0mprotocol         = "-1"
              [32m+[0m [0msecurity_groups  = []
              [32m+[0m [0mself             = false
              [32m+[0m [0mto_port          = 0
            },
        ]
      [32m+[0m [0m[1m[0mid[0m[0m                     = (known after apply)
      [32m+[0m [0m[1m[0mingress[0m[0m                = [
          [32m+[0m [0m{
              [32m+[0m [0mcidr_blocks      = [
                  [32m+[0m [0m"0.0.0.0/0",
                ]
              [32m+[0m [0mdescription      = ""
              [32m+[0m [0mfrom_port        = 22
              [32m+[0m [0mipv6_cidr_blocks = []
              [32m+[0m [0mprefix_list_ids  = []
              [32m+[0m [0mprotocol         = "tcp"
              [32m+[0m [0msecurity_groups  = []
              [32m+[0m [0mself             = false
              [32m+[0m [0mto_port          = 22
            },
          [32m+[0m [0m{
              [32m+[0m [0mcidr_blocks      = [
                  [32m+[0m [0m"0.0.0.0/0",
                ]
              [32m+[0m [0mdescription      = ""
              [32m+[0m [0mfrom_port        = 5432
              [32m+[0m [0mipv6_cidr_blocks = []
              [32m+[0m [0mprefix_list_ids  = []
              [32m+[0m [0mprotocol         = "tcp"
              [32m+[0m [0msecurity_groups  = []
              [32m+[0m [0mself             = false
              [32m+[0m [0mto_port          = 5432
            },
          [32m+[0m [0m{
              [32m+[0m [0mcidr_blocks      = [
                  [32m+[0m [0m"0.0.0.0/0",
                ]
              [32m+[0m [0mdescription      = ""
              [32m+[0m [0mfrom_port        = 8000
              [32m+[0m [0mipv6_cidr_blocks = []
              [32m+[0m [0mprefix_list_ids  = []
              [32m+[0m [0mprotocol         = "tcp"
              [32m+[0m [0msecurity_groups  = []
              [32m+[0m [0mself             = false
              [32m+[0m [0mto_port          = 8000
            },
        ]
      [32m+[0m [0m[1m[0mname[0m[0m                   = "sg_kong_allow-all-sg"
      [32m+[0m [0m[1m[0mname_prefix[0m[0m            = (known after apply)
      [32m+[0m [0m[1m[0mowner_id[0m[0m               = (known after apply)
      [32m+[0m [0m[1m[0mrevoke_rules_on_delete[0m[0m = false
      [32m+[0m [0m[1m[0mtags[0m[0m                   = {
          [32m+[0m [0m"Name" = "sg_kong"
        }
      [32m+[0m [0m[1m[0mvpc_id[0m[0m                 = (known after apply)
    }

[1m  # aws_subnet.priv_subnet_kong[0m will be created[0m[0m
[0m  [32m+[0m[0m resource "aws_subnet" "priv_subnet_kong" {
      [32m+[0m [0m[1m[0marn[0m[0m                             = (known after apply)
      [32m+[0m [0m[1m[0massign_ipv6_address_on_creation[0m[0m = false
      [32m+[0m [0m[1m[0mavailability_zone[0m[0m               = "us-east-1c"
      [32m+[0m [0m[1m[0mavailability_zone_id[0m[0m            = (known after apply)
      [32m+[0m [0m[1m[0mcidr_block[0m[0m                      = "10.0.2.0/24"
      [32m+[0m [0m[1m[0mid[0m[0m                              = (known after apply)
      [32m+[0m [0m[1m[0mipv6_cidr_block_association_id[0m[0m  = (known after apply)
      [32m+[0m [0m[1m[0mmap_public_ip_on_launch[0m[0m         = false
      [32m+[0m [0m[1m[0mowner_id[0m[0m                        = (known after apply)
      [32m+[0m [0m[1m[0mtags[0m[0m                            = {
          [32m+[0m [0m"Name" = "priv_subnet_kong"
        }
      [32m+[0m [0m[1m[0mtags_all[0m[0m                        = {
          [32m+[0m [0m"Name" = "priv_subnet_kong"
        }
      [32m+[0m [0m[1m[0mvpc_id[0m[0m                          = (known after apply)
    }

[1m  # aws_subnet.pub_subnet_kong[0m will be created[0m[0m
[0m  [32m+[0m[0m resource "aws_subnet" "pub_subnet_kong" {
      [32m+[0m [0m[1m[0marn[0m[0m                             = (known after apply)
      [32m+[0m [0m[1m[0massign_ipv6_address_on_creation[0m[0m = false
      [32m+[0m [0m[1m[0mavailability_zone[0m[0m               = "us-east-1a"
      [32m+[0m [0m[1m[0mavailability_zone_id[0m[0m            = (known after apply)
      [32m+[0m [0m[1m[0mcidr_block[0m[0m                      = "10.0.1.0/24"
      [32m+[0m [0m[1m[0mid[0m[0m                              = (known after apply)
      [32m+[0m [0m[1m[0mipv6_cidr_block_association_id[0m[0m  = (known after apply)
      [32m+[0m [0m[1m[0mmap_public_ip_on_launch[0m[0m         = false
      [32m+[0m [0m[1m[0mowner_id[0m[0m                        = (known after apply)
      [32m+[0m [0m[1m[0mtags[0m[0m                            = {
          [32m+[0m [0m"Name" = "pub_subnet_kong"
        }
      [32m+[0m [0m[1m[0mtags_all[0m[0m                        = {
          [32m+[0m [0m"Name" = "pub_subnet_kong"
        }
      [32m+[0m [0m[1m[0mvpc_id[0m[0m                          = (known after apply)
    }

[1m  # aws_vpc.kong_vpc[0m will be created[0m[0m
[0m  [32m+[0m[0m resource "aws_vpc" "kong_vpc" {
      [32m+[0m [0m[1m[0marn[0m[0m                              = (known after apply)
      [32m+[0m [0m[1m[0massign_generated_ipv6_cidr_block[0m[0m = false
      [32m+[0m [0m[1m[0mcidr_block[0m[0m                       = "10.0.0.0/16"
      [32m+[0m [0m[1m[0mdefault_network_acl_id[0m[0m           = (known after apply)
      [32m+[0m [0m[1m[0mdefault_route_table_id[0m[0m           = (known after apply)
      [32m+[0m [0m[1m[0mdefault_security_group_id[0m[0m        = (known after apply)
      [32m+[0m [0m[1m[0mdhcp_options_id[0m[0m                  = (known after apply)
      [32m+[0m [0m[1m[0menable_classiclink[0m[0m               = (known after apply)
      [32m+[0m [0m[1m[0menable_classiclink_dns_support[0m[0m   = (known after apply)
      [32m+[0m [0m[1m[0menable_dns_hostnames[0m[0m             = true
      [32m+[0m [0m[1m[0menable_dns_support[0m[0m               = true
      [32m+[0m [0m[1m[0mid[0m[0m                               = (known after apply)
      [32m+[0m [0m[1m[0minstance_tenancy[0m[0m                 = "default"
      [32m+[0m [0m[1m[0mipv6_association_id[0m[0m              = (known after apply)
      [32m+[0m [0m[1m[0mipv6_cidr_block[0m[0m                  = (known after apply)
      [32m+[0m [0m[1m[0mmain_route_table_id[0m[0m              = (known after apply)
      [32m+[0m [0m[1m[0mowner_id[0m[0m                         = (known after apply)
      [32m+[0m [0m[1m[0mtags[0m[0m                             = {
          [32m+[0m [0m"Name" = "kong_vpc"
        }
      [32m+[0m [0m[1m[0mtags_all[0m[0m                         = {
          [32m+[0m [0m"Name" = "kong_vpc"
        }
    }

[0m[1mPlan:[0m 17 to add, 0 to change, 0 to destroy.
[0m[90m
─────────────────────────────────────────────────────────────────────────────[0m

Note: You didn't use the -out option to save this plan, so Terraform can't
guarantee to take exactly these actions if you run "terraform apply" now.
